Microsoft Visual Studio Solution File, Format Version 12.00
# Visual Studio 2013
VisualStudioVersion = 12.0.31101.0
MinimumVisualStudioVersion = 10.0.40219.1
Project("{FAE04EC0-301F-11D3-BF4B-00C04F79EFBC}") = "Gorgon.Core", "Gorgon.Common\Gorgon.Core.csproj", "{933569ED-52A9-4232-A929-1D4C4489B5A1}"
EndProject
Project("{FAE04EC0-301F-11D3-BF4B-00C04F79EFBC}") = "Gorgon.FileSystem", "Gorgon.FileSystem\Gorgon.FileSystem.csproj", "{1F3DD0EF-3CA7-41FF-A451-74FDAE5307A2}"
EndProject
Project("{FAE04EC0-301F-11D3-BF4B-00C04F79EFBC}") = "Gorgon.FileSystem.Zip", "..\PlugIns\Gorgon.FileSystem.Zip\Gorgon.FileSystem.Zip.csproj", "{B61F6907-0DDB-4293-AA8C-E8620DAEE795}"
	ProjectSection(ProjectDependencies) = postProject
		{F46A76A0-F66E-48B4-AD4B-AE490B2EE587} = {F46A76A0-F66E-48B4-AD4B-AE490B2EE587}
	EndProjectSection
EndProject
Project("{FAE04EC0-301F-11D3-BF4B-00C04F79EFBC}") = "Gorgon.Graphics", "Gorgon.Graphics\Gorgon.Graphics.csproj", "{EA4B0A1A-586A-47A4-89C1-3E6A4E821C31}"
EndProject
Project("{FAE04EC0-301F-11D3-BF4B-00C04F79EFBC}") = "Gorgon.Input", "Gorgon.Input\Gorgon.Input.csproj", "{780B5B61-77BB-4456-AF77-E6681E7E48BF}"
EndProject
Project("{FAE04EC0-301F-11D3-BF4B-00C04F79EFBC}") = "Gorgon.FileSystem.GorPack", "..\PlugIns\Gorgon.FileSystem.GorPack\Gorgon.FileSystem.GorPack.csproj", "{EDDBDEE0-8DA3-4A98-9E73-AD08830E6CC2}"
	ProjectSection(ProjectDependencies) = postProject
		{F46A76A0-F66E-48B4-AD4B-AE490B2EE587} = {F46A76A0-F66E-48B4-AD4B-AE490B2EE587}
	EndProjectSection
EndProject
Project("{FAE04EC0-301F-11D3-BF4B-00C04F79EFBC}") = "Gorgon.Input.Raw", "..\PlugIns\Gorgon.Input.RawInput\Gorgon.Input.Raw.csproj", "{604519C3-8CC6-41BE-8949-4BDDEACAD9FC}"
	ProjectSection(ProjectDependencies) = postProject
		{F46A76A0-F66E-48B4-AD4B-AE490B2EE587} = {F46A76A0-F66E-48B4-AD4B-AE490B2EE587}
	EndProjectSection
EndProject
Project("{FAE04EC0-301F-11D3-BF4B-00C04F79EFBC}") = "Gorgon.Input.WinForms", "..\PlugIns\Gorgon.Input.WinForms\Gorgon.Input.WinForms.csproj", "{BE449FB9-9001-4954-B856-B466F90D55E3}"
EndProject
Project("{FAE04EC0-301F-11D3-BF4B-00C04F79EFBC}") = "Gorgon.Input.XInput", "..\PlugIns\Gorgon.Input.XInput\Gorgon.Input.XInput.csproj", "{7500ADE6-2E65-4923-8DC9-95F230D4C7DB}"
EndProject
Project("{FAE04EC0-301F-11D3-BF4B-00C04F79EFBC}") = "Gorgon.Renderers.2D", "Gorgon.Renderers\2D\Gorgon.Renderers.2D.csproj", "{CE225F21-FB4D-4CB1-8B5B-48A61B5D0E54}"
EndProject
Project("{2150E333-8FDC-42A3-9474-1A3956D46DE8}") = "Examples", "Examples", "{E656298C-C1C6-4274-87B5-A19C6BA689CB}"
	ProjectSection(SolutionItems) = preProject
		PerfNums.txt = PerfNums.txt
		TextureInfo.txt = TextureInfo.txt
		TODO.txt = TODO.txt
	EndProjectSection
EndProject
Project("{FAE04EC0-301F-11D3-BF4B-00C04F79EFBC}") = "Example001", "..\Examples\Gorgon.Common\Example001\Example001.csproj", "{92184B11-8908-40DE-A81B-827CE74FE8C7}"
EndProject
Project("{FAE04EC0-301F-11D3-BF4B-00C04F79EFBC}") = "Example002", "..\Examples\Gorgon.Common\Example002\Example002.csproj", "{A2B7ADCC-E21C-45C3-A349-D07DDD048BD3}"
EndProject
Project("{FAE04EC0-301F-11D3-BF4B-00C04F79EFBC}") = "Example003", "..\Examples\Gorgon.Common\Example003\Example003.csproj", "{CD211613-DE0D-4D09-9D3E-60ACFA893791}"
EndProject
Project("{FAE04EC0-301F-11D3-BF4B-00C04F79EFBC}") = "Gorgon.Animation", "Gorgon.Animation\Gorgon.Animation.csproj", "{7EE86743-18E9-4667-9BCB-989D5C926922}"
EndProject
Project("{FAE04EC0-301F-11D3-BF4B-00C04F79EFBC}") = "Boinger", "..\Examples\Gorgon.Graphics\Boinger\Boinger.csproj", "{256CC806-B7DC-4125-A350-F78F520D9742}"
EndProject
Project("{2150E333-8FDC-42A3-9474-1A3956D46DE8}") = "Gorgon.Core", "Gorgon.Core", "{9A8C2588-028B-42F6-92B4-EA4AF2B8489B}"
EndProject
Project("{2150E333-8FDC-42A3-9474-1A3956D46DE8}") = "Gorgon.Graphics", "Gorgon.Graphics", "{2E124B08-EECF-44F6-9175-1580FF0BFFA8}"
EndProject
Project("{FAE04EC0-301F-11D3-BF4B-00C04F79EFBC}") = "Example004", "..\Examples\Gorgon.Common\Example004\Example004.csproj", "{7E9E7C1E-AE39-4474-833F-A85EC045C74F}"
EndProject
Project("{FAE04EC0-301F-11D3-BF4B-00C04F79EFBC}") = "Example004.BluePlugIn", "..\Examples\Gorgon.Common\Example004\PlugIns\Example004.BluePlugIn\Example004.BluePlugIn.csproj", "{D6B85D9F-975C-4C28-BEB8-ACF18E453B3A}"
EndProject
Project("{FAE04EC0-301F-11D3-BF4B-00C04F79EFBC}") = "Example004.GreenAndPurplePlugIn", "..\Examples\Gorgon.Common\Example004\PlugIns\Example004.GreenAndPurplePlugIn\Example004.GreenAndPurplePlugIn.csproj", "{2E14312F-4E7E-45AD-945A-D91DC5E254CD}"
EndProject
Project("{2150E333-8FDC-42A3-9474-1A3956D46DE8}") = "Gorgon.Input", "Gorgon.Input", "{E110A495-36C7-44AB-9748-A8C29EFA276C}"
EndProject
Project("{FAE04EC0-301F-11D3-BF4B-00C04F79EFBC}") = "InputFactory", "..\Examples\Gorgon.Input\InputFactory\InputFactory.csproj", "{26B09EBD-0140-4274-92EF-6E674FBDBB22}"
EndProject
Project("{FAE04EC0-301F-11D3-BF4B-00C04F79EFBC}") = "InputDevices", "..\Examples\Gorgon.Input\InputDevices\InputDevices.csproj", "{12851B09-FCD2-4365-86A8-CBB9B773923E}"
EndProject
Project("{FAE04EC0-301F-11D3-BF4B-00C04F79EFBC}") = "XInput", "..\Examples\Gorgon.Input\XInput\XInput.csproj", "{5993DBFF-AB76-435A-B52F-1A34CEFD5299}"
EndProject
Project("{FAE04EC0-301F-11D3-BF4B-00C04F79EFBC}") = "INeedYourInput", "..\Examples\Gorgon.Input\INeedYourInput\INeedYourInput.csproj", "{0498130A-C954-434E-A02E-4E2733358717}"
EndProject
Project("{2150E333-8FDC-42A3-9474-1A3956D46DE8}") = "Gorgon.FileSystem", "Gorgon.FileSystem", "{D4582ECC-614C-484F-9CF9-2D88C4B57EE0}"
EndProject
Project("{FAE04EC0-301F-11D3-BF4B-00C04F79EFBC}") = "FileSystemProviders", "..\Examples\Gorgon.FileSystem\FileSystemProviders\FileSystemProviders.csproj", "{2C5FD932-2228-4C1E-92DC-B0956D6D5957}"
EndProject
Project("{FAE04EC0-301F-11D3-BF4B-00C04F79EFBC}") = "FolderFileSystem", "..\Examples\Gorgon.FileSystem\FolderFileSystem\FolderFileSystem.csproj", "{AE98FD31-06D6-43DB-9B33-EF94BA310B50}"
EndProject
Project("{FAE04EC0-301F-11D3-BF4B-00C04F79EFBC}") = "ZipFileSystem", "..\Examples\Gorgon.FileSystem\ZipFileSystem\ZipFileSystem.csproj", "{13E8A005-B842-44C9-B5F5-EE2BA50ADB8D}"
EndProject
Project("{FAE04EC0-301F-11D3-BF4B-00C04F79EFBC}") = "MultiSource", "..\Examples\Gorgon.FileSystem\MultiSource\MultiSource.csproj", "{5AFB65B6-A077-4EB5-A363-D9A5246ADD78}"
EndProject
Project("{FAE04EC0-301F-11D3-BF4B-00C04F79EFBC}") = "Writing", "..\Examples\Gorgon.FileSystem\Writing\Writing.csproj", "{DF5B8F28-1A1B-45CF-91B1-BE53E6B3C063}"
EndProject
Project("{FAE04EC0-301F-11D3-BF4B-00C04F79EFBC}") = "FolderFileSystemOPower", "..\Examples\Gorgon.FileSystem\FolderFileSystemOPower\FolderFileSystemOPower.csproj", "{1D07F29F-4930-42E7-BAF0-8D246300CF67}"
EndProject
Project("{FAE04EC0-301F-11D3-BF4B-00C04F79EFBC}") = "BZipFileSystemOPower", "..\Examples\Gorgon.FileSystem\BZipFileSystemOPower\BZipFileSystemOPower.csproj", "{2F5E93A6-8413-45A2-AD07-BC92B58FBCC7}"
EndProject
Project("{2150E333-8FDC-42A3-9474-1A3956D46DE8}") = "Tools", "Tools", "{717400E1-71FF-450F-B997-1531A5E6DE6A}"
EndProject
Project("{2150E333-8FDC-42A3-9474-1A3956D46DE8}") = "Gorgon.Editor", "Gorgon.Editor", "{5158613D-ADEB-4D76-8B5B-947361E426F5}"
EndProject
Project("{FAE04EC0-301F-11D3-BF4B-00C04F79EFBC}") = "Gorgon.Editor", "..\Tools\OLDE\Gorgon.Editor\Gorgon.Editor.csproj", "{559CD7CE-1C08-46E8-B5FD-87A2829F5115}"
EndProject
Project("{2150E333-8FDC-42A3-9474-1A3956D46DE8}") = "Gorgon.Editor.PlugIn", "Gorgon.Editor.PlugIn", "{344D5C9C-D275-4644-9CD8-C91C79FE2123}"
EndProject
Project("{2150E333-8FDC-42A3-9474-1A3956D46DE8}") = "Content", "Content", "{94E5BF16-684A-45DA-AA0E-895972EE792B}"
EndProject
Project("{FAE04EC0-301F-11D3-BF4B-00C04F79EFBC}") = "Gorgon.FontEditor", "..\Tools\OLDE\Gorgon.Editor.PlugIns\Gorgon.FontEditor\Gorgon.FontEditor.csproj", "{B4E8A97F-2DBC-4559-A535-2EC64A69F0E5}"
EndProject
Project("{2150E333-8FDC-42A3-9474-1A3956D46DE8}") = "File", "File", "{4733C95B-70C0-4316-8EC0-83795AB07E75}"
EndProject
Project("{FAE04EC0-301F-11D3-BF4B-00C04F79EFBC}") = "Gorgon.GorPackWriter", "..\Tools\OLDE\Gorgon.Editor.PlugIns\Gorgon.GorPackWriter\Gorgon.GorPackWriter.csproj", "{A38CC512-B17D-4793-80B8-E7C31D3AE436}"
EndProject
Project("{FAE04EC0-301F-11D3-BF4B-00C04F79EFBC}") = "Initialization", "..\Examples\Gorgon.Graphics\Initialization\Initialization.csproj", "{A2C5074D-6A13-483B-8F1B-F36487B3815C}"
EndProject
Project("{FAE04EC0-301F-11D3-BF4B-00C04F79EFBC}") = "GorgonExamples", "..\Examples\DemoLauncher\GorgonExamples.csproj", "{E89B97E7-2431-4A00-A3E1-E82EB8400BA5}"
EndProject
Project("{2150E333-8FDC-42A3-9474-1A3956D46DE8}") = "Gorgon.Renderers.Gorgon2D", "Gorgon.Renderers.Gorgon2D", "{59F3BFF4-6AF4-40AA-B22D-532A51B3DB5D}"
EndProject
Project("{FAE04EC0-301F-11D3-BF4B-00C04F79EFBC}") = "Fonts", "..\Examples\Gorgon.Renderers.2D\Fonts\Fonts.csproj", "{195B76B5-E09E-4303-8B03-2099BD4461CD}"
EndProject
Project("{FAE04EC0-301F-11D3-BF4B-00C04F79EFBC}") = "Gorgon.ImageEditor", "..\Tools\OLDE\Gorgon.Editor.PlugIns\Gorgon.ImageEditor\Gorgon.ImageEditor.csproj", "{969DF916-40DA-4AF8-ABB3-E56764A7D52B}"
EndProject
Project("{2150E333-8FDC-42A3-9474-1A3956D46DE8}") = "Gorgon.FileSystem.Editor", "Gorgon.FileSystem.Editor", "{C30663C5-9F87-4BF4-A039-3D5006573C08}"
EndProject
Project("{FAE04EC0-301F-11D3-BF4B-00C04F79EFBC}") = "Gorgon.FileSystem.Editor", "..\Tools\OLDE\Gorgon.FileSystem.Editor\Gorgon.FileSystem.Editor.csproj", "{21814064-9F44-4D2B-835B-95621671E7B5}"
EndProject
Project("{FAE04EC0-301F-11D3-BF4B-00C04F79EFBC}") = "Gorgon.Editor.API", "..\Tools\OLDE\Gorgon.Editor.API\Gorgon.Editor.API.csproj", "{F169087C-A984-4823-BB6A-F34A14B8B4D5}"
EndProject
Project("{FAE04EC0-301F-11D3-BF4B-00C04F79EFBC}") = "Primitives", "..\Examples\Gorgon.Graphics\Primitives\Primitives.csproj", "{834D4440-7007-49BF-8B2E-F35F19FF0D58}"
	ProjectSection(ProjectDependencies) = postProject
		{604519C3-8CC6-41BE-8949-4BDDEACAD9FC} = {604519C3-8CC6-41BE-8949-4BDDEACAD9FC}
	EndProjectSection
EndProject
Project("{FAE04EC0-301F-11D3-BF4B-00C04F79EFBC}") = "Balls", "..\Examples\Gorgon.Renderers.2D\Balls\Balls.csproj", "{8A074000-EA1B-4D08-9B1D-A9369AA27544}"
EndProject
Project("{FAE04EC0-301F-11D3-BF4B-00C04F79EFBC}") = "CodecPlugIn", "..\Examples\Gorgon.Graphics\CodecPlugIn\CodecPlugIn.csproj", "{9524F1F2-8260-4203-AF0A-5457053F6BEE}"
EndProject
Project("{FAE04EC0-301F-11D3-BF4B-00C04F79EFBC}") = "TvImageCodec", "..\Examples\Gorgon.Graphics\TvImageCodec\TvImageCodec.csproj", "{58398BDA-7076-410A-B73C-928E79EAE8A9}"
EndProject
Project("{FAE04EC0-301F-11D3-BF4B-00C04F79EFBC}") = "Gorgon.SpriteEditor", "..\Tools\OLDE\Gorgon.Editor.PlugIns\Gorgon.SpriteEditor\Gorgon.SpriteEditor.csproj", "{CDE22A30-64FA-44B6-AB07-CE1E8859FDAA}"
EndProject
Project("{2150E333-8FDC-42A3-9474-1A3956D46DE8}") = "OLDE", "OLDE", "{F55A19C0-8F8A-4C73-BF4E-623D6BFBAD49}"
EndProject
Project("{2150E333-8FDC-42A3-9474-1A3956D46DE8}") = "Gorgon.Editor", "Gorgon.Editor", "{095E1088-8F2F-4D52-9FA4-E5DE469FC039}"
EndProject
Project("{FAE04EC0-301F-11D3-BF4B-00C04F79EFBC}") = "Gorgon.Editor", "..\Tools\Gorgon.Editor\Gorgon.Editor.csproj", "{F46A76A0-F66E-48B4-AD4B-AE490B2EE587}"
EndProject
Project("{2150E333-8FDC-42A3-9474-1A3956D46DE8}") = ".nuget", ".nuget", "{CD9AFF05-CCD1-48D9-9BE8-824681C07EF3}"
	ProjectSection(SolutionItems) = preProject
		.nuget\NuGet.Config = .nuget\NuGet.Config
		.nuget\NuGet.exe = .nuget\NuGet.exe
		.nuget\NuGet.targets = .nuget\NuGet.targets
	EndProjectSection
EndProject
Project("{FAE04EC0-301F-11D3-BF4B-00C04F79EFBC}") = "Gorgon.Editor.API", "..\Tools\Gorgon.Editor.API\Gorgon.Editor.API.csproj", "{1AA24833-7C23-4BB9-BC95-81A97FF43880}"
EndProject
Project("{2150E333-8FDC-42A3-9474-1A3956D46DE8}") = "Tests", "Tests", "{5B52FB0A-CA5A-4F61-86E7-13F822514F77}"
EndProject
Project("{FAE04EC0-301F-11D3-BF4B-00C04F79EFBC}") = "Gorgon.Common.Test", "..\Test\Gorgon.Common.Test\Gorgon.Common.Test.csproj", "{3BAEE0F8-CB7C-4FFC-80E3-976DF714399F}"
EndProject
Global
	GlobalSection(SolutionConfigurationPlatforms) = preSolution
		Debug|Any CPU = Debug|Any CPU
		Release|Any CPU = Release|Any CPU
	EndGlobalSection
	GlobalSection(ProjectConfigurationPlatforms) = postSolution
		{933569ED-52A9-4232-A929-1D4C4489B5A1}.Debug|Any CPU.ActiveCfg = Debug|Any CPU
		{933569ED-52A9-4232-A929-1D4C4489B5A1}.Debug|Any CPU.Build.0 = Debug|Any CPU
		{933569ED-52A9-4232-A929-1D4C4489B5A1}.Release|Any CPU.ActiveCfg = Release|Any CPU
		{933569ED-52A9-4232-A929-1D4C4489B5A1}.Release|Any CPU.Build.0 = Release|Any CPU
		{1F3DD0EF-3CA7-41FF-A451-74FDAE5307A2}.Debug|Any CPU.ActiveCfg = Debug|Any CPU
		{1F3DD0EF-3CA7-41FF-A451-74FDAE5307A2}.Debug|Any CPU.Build.0 = Debug|Any CPU
		{1F3DD0EF-3CA7-41FF-A451-74FDAE5307A2}.Release|Any CPU.ActiveCfg = Release|Any CPU
		{1F3DD0EF-3CA7-41FF-A451-74FDAE5307A2}.Release|Any CPU.Build.0 = Release|Any CPU
		{B61F6907-0DDB-4293-AA8C-E8620DAEE795}.Debug|Any CPU.ActiveCfg = Debug|Any CPU
		{B61F6907-0DDB-4293-AA8C-E8620DAEE795}.Debug|Any CPU.Build.0 = Debug|Any CPU
		{B61F6907-0DDB-4293-AA8C-E8620DAEE795}.Release|Any CPU.ActiveCfg = Release|Any CPU
		{B61F6907-0DDB-4293-AA8C-E8620DAEE795}.Release|Any CPU.Build.0 = Release|Any CPU
		{EA4B0A1A-586A-47A4-89C1-3E6A4E821C31}.Debug|Any CPU.ActiveCfg = Debug|Any CPU
		{EA4B0A1A-586A-47A4-89C1-3E6A4E821C31}.Debug|Any CPU.Build.0 = Debug|Any CPU
		{EA4B0A1A-586A-47A4-89C1-3E6A4E821C31}.Release|Any CPU.ActiveCfg = Release|Any CPU
		{EA4B0A1A-586A-47A4-89C1-3E6A4E821C31}.Release|Any CPU.Build.0 = Release|Any CPU
		{780B5B61-77BB-4456-AF77-E6681E7E48BF}.Debug|Any CPU.ActiveCfg = Debug|Any CPU
		{780B5B61-77BB-4456-AF77-E6681E7E48BF}.Debug|Any CPU.Build.0 = Debug|Any CPU
		{780B5B61-77BB-4456-AF77-E6681E7E48BF}.Release|Any CPU.ActiveCfg = Release|Any CPU
		{780B5B61-77BB-4456-AF77-E6681E7E48BF}.Release|Any CPU.Build.0 = Release|Any CPU
		{EDDBDEE0-8DA3-4A98-9E73-AD08830E6CC2}.Debug|Any CPU.ActiveCfg = Debug|Any CPU
		{EDDBDEE0-8DA3-4A98-9E73-AD08830E6CC2}.Debug|Any CPU.Build.0 = Debug|Any CPU
		{EDDBDEE0-8DA3-4A98-9E73-AD08830E6CC2}.Release|Any CPU.ActiveCfg = Release|Any CPU
		{EDDBDEE0-8DA3-4A98-9E73-AD08830E6CC2}.Release|Any CPU.Build.0 = Release|Any CPU
		{604519C3-8CC6-41BE-8949-4BDDEACAD9FC}.Debug|Any CPU.ActiveCfg = Debug|Any CPU
		{604519C3-8CC6-41BE-8949-4BDDEACAD9FC}.Debug|Any CPU.Build.0 = Debug|Any CPU
		{604519C3-8CC6-41BE-8949-4BDDEACAD9FC}.Release|Any CPU.ActiveCfg = Release|Any CPU
		{604519C3-8CC6-41BE-8949-4BDDEACAD9FC}.Release|Any CPU.Build.0 = Release|Any CPU
		{BE449FB9-9001-4954-B856-B466F90D55E3}.Debug|Any CPU.ActiveCfg = Debug|Any CPU
		{BE449FB9-9001-4954-B856-B466F90D55E3}.Debug|Any CPU.Build.0 = Debug|Any CPU
		{BE449FB9-9001-4954-B856-B466F90D55E3}.Release|Any CPU.ActiveCfg = Release|Any CPU
		{BE449FB9-9001-4954-B856-B466F90D55E3}.Release|Any CPU.Build.0 = Release|Any CPU
		{7500ADE6-2E65-4923-8DC9-95F230D4C7DB}.Debug|Any CPU.ActiveCfg = Debug|Any CPU
		{7500ADE6-2E65-4923-8DC9-95F230D4C7DB}.Debug|Any CPU.Build.0 = Debug|Any CPU
		{7500ADE6-2E65-4923-8DC9-95F230D4C7DB}.Release|Any CPU.ActiveCfg = Release|Any CPU
		{7500ADE6-2E65-4923-8DC9-95F230D4C7DB}.Release|Any CPU.Build.0 = Release|Any CPU
		{CE225F21-FB4D-4CB1-8B5B-48A61B5D0E54}.Debug|Any CPU.ActiveCfg = Debug|Any CPU
		{CE225F21-FB4D-4CB1-8B5B-48A61B5D0E54}.Debug|Any CPU.Build.0 = Debug|Any CPU
		{CE225F21-FB4D-4CB1-8B5B-48A61B5D0E54}.Release|Any CPU.ActiveCfg = Release|Any CPU
		{CE225F21-FB4D-4CB1-8B5B-48A61B5D0E54}.Release|Any CPU.Build.0 = Release|Any CPU
		{92184B11-8908-40DE-A81B-827CE74FE8C7}.Debug|Any CPU.ActiveCfg = Debug|Any CPU
		{92184B11-8908-40DE-A81B-827CE74FE8C7}.Debug|Any CPU.Build.0 = Debug|Any CPU
		{92184B11-8908-40DE-A81B-827CE74FE8C7}.Release|Any CPU.ActiveCfg = Release|Any CPU
		{92184B11-8908-40DE-A81B-827CE74FE8C7}.Release|Any CPU.Build.0 = Release|Any CPU
		{A2B7ADCC-E21C-45C3-A349-D07DDD048BD3}.Debug|Any CPU.ActiveCfg = Debug|Any CPU
		{A2B7ADCC-E21C-45C3-A349-D07DDD048BD3}.Debug|Any CPU.Build.0 = Debug|Any CPU
		{A2B7ADCC-E21C-45C3-A349-D07DDD048BD3}.Release|Any CPU.ActiveCfg = Release|Any CPU
		{A2B7ADCC-E21C-45C3-A349-D07DDD048BD3}.Release|Any CPU.Build.0 = Release|Any CPU
		{CD211613-DE0D-4D09-9D3E-60ACFA893791}.Debug|Any CPU.ActiveCfg = Debug|Any CPU
		{CD211613-DE0D-4D09-9D3E-60ACFA893791}.Debug|Any CPU.Build.0 = Debug|Any CPU
		{CD211613-DE0D-4D09-9D3E-60ACFA893791}.Release|Any CPU.ActiveCfg = Release|Any CPU
		{CD211613-DE0D-4D09-9D3E-60ACFA893791}.Release|Any CPU.Build.0 = Release|Any CPU
		{7EE86743-18E9-4667-9BCB-989D5C926922}.Debug|Any CPU.ActiveCfg = Debug|Any CPU
		{7EE86743-18E9-4667-9BCB-989D5C926922}.Debug|Any CPU.Build.0 = Debug|Any CPU
		{7EE86743-18E9-4667-9BCB-989D5C926922}.Release|Any CPU.ActiveCfg = Release|Any CPU
		{7EE86743-18E9-4667-9BCB-989D5C926922}.Release|Any CPU.Build.0 = Release|Any CPU
		{256CC806-B7DC-4125-A350-F78F520D9742}.Debug|Any CPU.ActiveCfg = Debug|Any CPU
		{256CC806-B7DC-4125-A350-F78F520D9742}.Debug|Any CPU.Build.0 = Debug|Any CPU
		{256CC806-B7DC-4125-A350-F78F520D9742}.Release|Any CPU.ActiveCfg = Release|Any CPU
		{256CC806-B7DC-4125-A350-F78F520D9742}.Release|Any CPU.Build.0 = Release|Any CPU
		{7E9E7C1E-AE39-4474-833F-A85EC045C74F}.Debug|Any CPU.ActiveCfg = Debug|Any CPU
		{7E9E7C1E-AE39-4474-833F-A85EC045C74F}.Debug|Any CPU.Build.0 = Debug|Any CPU
		{7E9E7C1E-AE39-4474-833F-A85EC045C74F}.Release|Any CPU.ActiveCfg = Release|Any CPU
		{7E9E7C1E-AE39-4474-833F-A85EC045C74F}.Release|Any CPU.Build.0 = Release|Any CPU
		{D6B85D9F-975C-4C28-BEB8-ACF18E453B3A}.Debug|Any CPU.ActiveCfg = Debug|Any CPU
		{D6B85D9F-975C-4C28-BEB8-ACF18E453B3A}.Debug|Any CPU.Build.0 = Debug|Any CPU
		{D6B85D9F-975C-4C28-BEB8-ACF18E453B3A}.Release|Any CPU.ActiveCfg = Release|Any CPU
		{D6B85D9F-975C-4C28-BEB8-ACF18E453B3A}.Release|Any CPU.Build.0 = Release|Any CPU
		{2E14312F-4E7E-45AD-945A-D91DC5E254CD}.Debug|Any CPU.ActiveCfg = Debug|Any CPU
		{2E14312F-4E7E-45AD-945A-D91DC5E254CD}.Debug|Any CPU.Build.0 = Debug|Any CPU
		{2E14312F-4E7E-45AD-945A-D91DC5E254CD}.Release|Any CPU.ActiveCfg = Release|Any CPU
		{2E14312F-4E7E-45AD-945A-D91DC5E254CD}.Release|Any CPU.Build.0 = Release|Any CPU
		{26B09EBD-0140-4274-92EF-6E674FBDBB22}.Debug|Any CPU.ActiveCfg = Debug|Any CPU
		{26B09EBD-0140-4274-92EF-6E674FBDBB22}.Debug|Any CPU.Build.0 = Debug|Any CPU
		{26B09EBD-0140-4274-92EF-6E674FBDBB22}.Release|Any CPU.ActiveCfg = Release|Any CPU
		{26B09EBD-0140-4274-92EF-6E674FBDBB22}.Release|Any CPU.Build.0 = Release|Any CPU
		{12851B09-FCD2-4365-86A8-CBB9B773923E}.Debug|Any CPU.ActiveCfg = Debug|Any CPU
		{12851B09-FCD2-4365-86A8-CBB9B773923E}.Debug|Any CPU.Build.0 = Debug|Any CPU
		{12851B09-FCD2-4365-86A8-CBB9B773923E}.Release|Any CPU.ActiveCfg = Release|Any CPU
		{12851B09-FCD2-4365-86A8-CBB9B773923E}.Release|Any CPU.Build.0 = Release|Any CPU
		{5993DBFF-AB76-435A-B52F-1A34CEFD5299}.Debug|Any CPU.ActiveCfg = Debug|Any CPU
		{5993DBFF-AB76-435A-B52F-1A34CEFD5299}.Debug|Any CPU.Build.0 = Debug|Any CPU
		{5993DBFF-AB76-435A-B52F-1A34CEFD5299}.Release|Any CPU.ActiveCfg = Release|Any CPU
		{5993DBFF-AB76-435A-B52F-1A34CEFD5299}.Release|Any CPU.Build.0 = Release|Any CPU
		{0498130A-C954-434E-A02E-4E2733358717}.Debug|Any CPU.ActiveCfg = Debug|Any CPU
		{0498130A-C954-434E-A02E-4E2733358717}.Debug|Any CPU.Build.0 = Debug|Any CPU
		{0498130A-C954-434E-A02E-4E2733358717}.Release|Any CPU.ActiveCfg = Release|Any CPU
		{0498130A-C954-434E-A02E-4E2733358717}.Release|Any CPU.Build.0 = Release|Any CPU
		{2C5FD932-2228-4C1E-92DC-B0956D6D5957}.Debug|Any CPU.ActiveCfg = Debug|Any CPU
		{2C5FD932-2228-4C1E-92DC-B0956D6D5957}.Debug|Any CPU.Build.0 = Debug|Any CPU
		{2C5FD932-2228-4C1E-92DC-B0956D6D5957}.Release|Any CPU.ActiveCfg = Release|Any CPU
		{2C5FD932-2228-4C1E-92DC-B0956D6D5957}.Release|Any CPU.Build.0 = Release|Any CPU
		{AE98FD31-06D6-43DB-9B33-EF94BA310B50}.Debug|Any CPU.ActiveCfg = Debug|Any CPU
		{AE98FD31-06D6-43DB-9B33-EF94BA310B50}.Debug|Any CPU.Build.0 = Debug|Any CPU
		{AE98FD31-06D6-43DB-9B33-EF94BA310B50}.Release|Any CPU.ActiveCfg = Release|Any CPU
		{AE98FD31-06D6-43DB-9B33-EF94BA310B50}.Release|Any CPU.Build.0 = Release|Any CPU
		{13E8A005-B842-44C9-B5F5-EE2BA50ADB8D}.Debug|Any CPU.ActiveCfg = Debug|Any CPU
		{13E8A005-B842-44C9-B5F5-EE2BA50ADB8D}.Debug|Any CPU.Build.0 = Debug|Any CPU
		{13E8A005-B842-44C9-B5F5-EE2BA50ADB8D}.Release|Any CPU.ActiveCfg = Release|Any CPU
		{13E8A005-B842-44C9-B5F5-EE2BA50ADB8D}.Release|Any CPU.Build.0 = Release|Any CPU
		{5AFB65B6-A077-4EB5-A363-D9A5246ADD78}.Debug|Any CPU.ActiveCfg = Debug|Any CPU
		{5AFB65B6-A077-4EB5-A363-D9A5246ADD78}.Debug|Any CPU.Build.0 = Debug|Any CPU
		{5AFB65B6-A077-4EB5-A363-D9A5246ADD78}.Release|Any CPU.ActiveCfg = Release|Any CPU
		{5AFB65B6-A077-4EB5-A363-D9A5246ADD78}.Release|Any CPU.Build.0 = Release|Any CPU
		{DF5B8F28-1A1B-45CF-91B1-BE53E6B3C063}.Debug|Any CPU.ActiveCfg = Debug|Any CPU
		{DF5B8F28-1A1B-45CF-91B1-BE53E6B3C063}.Debug|Any CPU.Build.0 = Debug|Any CPU
		{DF5B8F28-1A1B-45CF-91B1-BE53E6B3C063}.Release|Any CPU.ActiveCfg = Release|Any CPU
		{DF5B8F28-1A1B-45CF-91B1-BE53E6B3C063}.Release|Any CPU.Build.0 = Release|Any CPU
		{1D07F29F-4930-42E7-BAF0-8D246300CF67}.Debug|Any CPU.ActiveCfg = Debug|Any CPU
		{1D07F29F-4930-42E7-BAF0-8D246300CF67}.Debug|Any CPU.Build.0 = Debug|Any CPU
		{1D07F29F-4930-42E7-BAF0-8D246300CF67}.Release|Any CPU.ActiveCfg = Release|Any CPU
		{1D07F29F-4930-42E7-BAF0-8D246300CF67}.Release|Any CPU.Build.0 = Release|Any CPU
		{2F5E93A6-8413-45A2-AD07-BC92B58FBCC7}.Debug|Any CPU.ActiveCfg = Debug|Any CPU
		{2F5E93A6-8413-45A2-AD07-BC92B58FBCC7}.Debug|Any CPU.Build.0 = Debug|Any CPU
		{2F5E93A6-8413-45A2-AD07-BC92B58FBCC7}.Release|Any CPU.ActiveCfg = Release|Any CPU
		{2F5E93A6-8413-45A2-AD07-BC92B58FBCC7}.Release|Any CPU.Build.0 = Release|Any CPU
		{559CD7CE-1C08-46E8-B5FD-87A2829F5115}.Debug|Any CPU.ActiveCfg = Debug|Any CPU
		{559CD7CE-1C08-46E8-B5FD-87A2829F5115}.Release|Any CPU.ActiveCfg = Release|Any CPU
		{B4E8A97F-2DBC-4559-A535-2EC64A69F0E5}.Debug|Any CPU.ActiveCfg = Debug|Any CPU
		{B4E8A97F-2DBC-4559-A535-2EC64A69F0E5}.Release|Any CPU.ActiveCfg = Release|Any CPU
		{A38CC512-B17D-4793-80B8-E7C31D3AE436}.Debug|Any CPU.ActiveCfg = Debug|Any CPU
		{A38CC512-B17D-4793-80B8-E7C31D3AE436}.Release|Any CPU.ActiveCfg = Release|Any CPU
		{A2C5074D-6A13-483B-8F1B-F36487B3815C}.Debug|Any CPU.ActiveCfg = Debug|Any CPU
		{A2C5074D-6A13-483B-8F1B-F36487B3815C}.Debug|Any CPU.Build.0 = Debug|Any CPU
		{A2C5074D-6A13-483B-8F1B-F36487B3815C}.Release|Any CPU.ActiveCfg = Release|Any CPU
		{A2C5074D-6A13-483B-8F1B-F36487B3815C}.Release|Any CPU.Build.0 = Release|Any CPU
		{E89B97E7-2431-4A00-A3E1-E82EB8400BA5}.Debug|Any CPU.ActiveCfg = Debug|Any CPU
		{E89B97E7-2431-4A00-A3E1-E82EB8400BA5}.Debug|Any CPU.Build.0 = Debug|Any CPU
		{E89B97E7-2431-4A00-A3E1-E82EB8400BA5}.Release|Any CPU.ActiveCfg = Release|Any CPU
		{E89B97E7-2431-4A00-A3E1-E82EB8400BA5}.Release|Any CPU.Build.0 = Release|Any CPU
		{195B76B5-E09E-4303-8B03-2099BD4461CD}.Debug|Any CPU.ActiveCfg = Debug|Any CPU
		{195B76B5-E09E-4303-8B03-2099BD4461CD}.Debug|Any CPU.Build.0 = Debug|Any CPU
		{195B76B5-E09E-4303-8B03-2099BD4461CD}.Release|Any CPU.ActiveCfg = Release|Any CPU
		{195B76B5-E09E-4303-8B03-2099BD4461CD}.Release|Any CPU.Build.0 = Release|Any CPU
		{969DF916-40DA-4AF8-ABB3-E56764A7D52B}.Debug|Any CPU.ActiveCfg = Debug|Any CPU
		{969DF916-40DA-4AF8-ABB3-E56764A7D52B}.Release|Any CPU.ActiveCfg = Release|Any CPU
		{21814064-9F44-4D2B-835B-95621671E7B5}.Debug|Any CPU.ActiveCfg = Debug|Any CPU
		{21814064-9F44-4D2B-835B-95621671E7B5}.Release|Any CPU.ActiveCfg = Release|Any CPU
		{F169087C-A984-4823-BB6A-F34A14B8B4D5}.Debug|Any CPU.ActiveCfg = Debug|Any CPU
		{F169087C-A984-4823-BB6A-F34A14B8B4D5}.Release|Any CPU.ActiveCfg = Release|Any CPU
		{834D4440-7007-49BF-8B2E-F35F19FF0D58}.Debug|Any CPU.ActiveCfg = Debug|Any CPU
		{834D4440-7007-49BF-8B2E-F35F19FF0D58}.Debug|Any CPU.Build.0 = Debug|Any CPU
		{834D4440-7007-49BF-8B2E-F35F19FF0D58}.Release|Any CPU.ActiveCfg = Release|Any CPU
		{834D4440-7007-49BF-8B2E-F35F19FF0D58}.Release|Any CPU.Build.0 = Release|Any CPU
		{8A074000-EA1B-4D08-9B1D-A9369AA27544}.Debug|Any CPU.ActiveCfg = Debug|Any CPU
		{8A074000-EA1B-4D08-9B1D-A9369AA27544}.Debug|Any CPU.Build.0 = Debug|Any CPU
		{8A074000-EA1B-4D08-9B1D-A9369AA27544}.Release|Any CPU.ActiveCfg = Release|Any CPU
		{8A074000-EA1B-4D08-9B1D-A9369AA27544}.Release|Any CPU.Build.0 = Release|Any CPU
		{9524F1F2-8260-4203-AF0A-5457053F6BEE}.Debug|Any CPU.ActiveCfg = Debug|Any CPU
		{9524F1F2-8260-4203-AF0A-5457053F6BEE}.Debug|Any CPU.Build.0 = Debug|Any CPU
		{9524F1F2-8260-4203-AF0A-5457053F6BEE}.Release|Any CPU.ActiveCfg = Release|Any CPU
		{9524F1F2-8260-4203-AF0A-5457053F6BEE}.Release|Any CPU.Build.0 = Release|Any CPU
		{58398BDA-7076-410A-B73C-928E79EAE8A9}.Debug|Any CPU.ActiveCfg = Debug|Any CPU
		{58398BDA-7076-410A-B73C-928E79EAE8A9}.Debug|Any CPU.Build.0 = Debug|Any CPU
		{58398BDA-7076-410A-B73C-928E79EAE8A9}.Release|Any CPU.ActiveCfg = Release|Any CPU
		{58398BDA-7076-410A-B73C-928E79EAE8A9}.Release|Any CPU.Build.0 = Release|Any CPU
		{CDE22A30-64FA-44B6-AB07-CE1E8859FDAA}.Debug|Any CPU.ActiveCfg = Debug|Any CPU
		{CDE22A30-64FA-44B6-AB07-CE1E8859FDAA}.Release|Any CPU.ActiveCfg = Release|Any CPU
		{F46A76A0-F66E-48B4-AD4B-AE490B2EE587}.Debug|Any CPU.ActiveCfg = Debug|Any CPU
		{F46A76A0-F66E-48B4-AD4B-AE490B2EE587}.Release|Any CPU.ActiveCfg = Release|Any CPU
		{1AA24833-7C23-4BB9-BC95-81A97FF43880}.Debug|Any CPU.ActiveCfg = Debug|Any CPU
		{1AA24833-7C23-4BB9-BC95-81A97FF43880}.Release|Any CPU.ActiveCfg = Release|Any CPU
		{3BAEE0F8-CB7C-4FFC-80E3-976DF714399F}.Debug|Any CPU.ActiveCfg = Debug|Any CPU
		{3BAEE0F8-CB7C-4FFC-80E3-976DF714399F}.Debug|Any CPU.Build.0 = Debug|Any CPU
		{3BAEE0F8-CB7C-4FFC-80E3-976DF714399F}.Release|Any CPU.ActiveCfg = Release|Any CPU
		{3BAEE0F8-CB7C-4FFC-80E3-976DF714399F}.Release|Any CPU.Build.0 = Release|Any CPU
	EndGlobalSection
	GlobalSection(SolutionProperties) = preSolution
		HideSolutionNode = FALSE
	EndGlobalSection
	GlobalSection(NestedProjects) = preSolution
		{92184B11-8908-40DE-A81B-827CE74FE8C7} = {9A8C2588-028B-42F6-92B4-EA4AF2B8489B}
		{A2B7ADCC-E21C-45C3-A349-D07DDD048BD3} = {9A8C2588-028B-42F6-92B4-EA4AF2B8489B}
		{CD211613-DE0D-4D09-9D3E-60ACFA893791} = {9A8C2588-028B-42F6-92B4-EA4AF2B8489B}
		{256CC806-B7DC-4125-A350-F78F520D9742} = {2E124B08-EECF-44F6-9175-1580FF0BFFA8}
		{9A8C2588-028B-42F6-92B4-EA4AF2B8489B} = {E656298C-C1C6-4274-87B5-A19C6BA689CB}
		{2E124B08-EECF-44F6-9175-1580FF0BFFA8} = {E656298C-C1C6-4274-87B5-A19C6BA689CB}
		{7E9E7C1E-AE39-4474-833F-A85EC045C74F} = {9A8C2588-028B-42F6-92B4-EA4AF2B8489B}
		{D6B85D9F-975C-4C28-BEB8-ACF18E453B3A} = {9A8C2588-028B-42F6-92B4-EA4AF2B8489B}
		{2E14312F-4E7E-45AD-945A-D91DC5E254CD} = {9A8C2588-028B-42F6-92B4-EA4AF2B8489B}
		{E110A495-36C7-44AB-9748-A8C29EFA276C} = {E656298C-C1C6-4274-87B5-A19C6BA689CB}
		{26B09EBD-0140-4274-92EF-6E674FBDBB22} = {E110A495-36C7-44AB-9748-A8C29EFA276C}
		{12851B09-FCD2-4365-86A8-CBB9B773923E} = {E110A495-36C7-44AB-9748-A8C29EFA276C}
		{5993DBFF-AB76-435A-B52F-1A34CEFD5299} = {E110A495-36C7-44AB-9748-A8C29EFA276C}
		{0498130A-C954-434E-A02E-4E2733358717} = {E110A495-36C7-44AB-9748-A8C29EFA276C}
		{D4582ECC-614C-484F-9CF9-2D88C4B57EE0} = {E656298C-C1C6-4274-87B5-A19C6BA689CB}
		{2C5FD932-2228-4C1E-92DC-B0956D6D5957} = {D4582ECC-614C-484F-9CF9-2D88C4B57EE0}
		{AE98FD31-06D6-43DB-9B33-EF94BA310B50} = {D4582ECC-614C-484F-9CF9-2D88C4B57EE0}
		{13E8A005-B842-44C9-B5F5-EE2BA50ADB8D} = {D4582ECC-614C-484F-9CF9-2D88C4B57EE0}
		{5AFB65B6-A077-4EB5-A363-D9A5246ADD78} = {D4582ECC-614C-484F-9CF9-2D88C4B57EE0}
		{DF5B8F28-1A1B-45CF-91B1-BE53E6B3C063} = {D4582ECC-614C-484F-9CF9-2D88C4B57EE0}
		{1D07F29F-4930-42E7-BAF0-8D246300CF67} = {D4582ECC-614C-484F-9CF9-2D88C4B57EE0}
		{2F5E93A6-8413-45A2-AD07-BC92B58FBCC7} = {D4582ECC-614C-484F-9CF9-2D88C4B57EE0}
		{5158613D-ADEB-4D76-8B5B-947361E426F5} = {F55A19C0-8F8A-4C73-BF4E-623D6BFBAD49}
		{559CD7CE-1C08-46E8-B5FD-87A2829F5115} = {5158613D-ADEB-4D76-8B5B-947361E426F5}
		{344D5C9C-D275-4644-9CD8-C91C79FE2123} = {F55A19C0-8F8A-4C73-BF4E-623D6BFBAD49}
		{94E5BF16-684A-45DA-AA0E-895972EE792B} = {344D5C9C-D275-4644-9CD8-C91C79FE2123}
		{B4E8A97F-2DBC-4559-A535-2EC64A69F0E5} = {94E5BF16-684A-45DA-AA0E-895972EE792B}
		{4733C95B-70C0-4316-8EC0-83795AB07E75} = {344D5C9C-D275-4644-9CD8-C91C79FE2123}
		{A38CC512-B17D-4793-80B8-E7C31D3AE436} = {4733C95B-70C0-4316-8EC0-83795AB07E75}
		{A2C5074D-6A13-483B-8F1B-F36487B3815C} = {2E124B08-EECF-44F6-9175-1580FF0BFFA8}
		{E89B97E7-2431-4A00-A3E1-E82EB8400BA5} = {E656298C-C1C6-4274-87B5-A19C6BA689CB}
		{59F3BFF4-6AF4-40AA-B22D-532A51B3DB5D} = {E656298C-C1C6-4274-87B5-A19C6BA689CB}
		{195B76B5-E09E-4303-8B03-2099BD4461CD} = {59F3BFF4-6AF4-40AA-B22D-532A51B3DB5D}
		{969DF916-40DA-4AF8-ABB3-E56764A7D52B} = {94E5BF16-684A-45DA-AA0E-895972EE792B}
		{C30663C5-9F87-4BF4-A039-3D5006573C08} = {F55A19C0-8F8A-4C73-BF4E-623D6BFBAD49}
		{21814064-9F44-4D2B-835B-95621671E7B5} = {C30663C5-9F87-4BF4-A039-3D5006573C08}
		{F169087C-A984-4823-BB6A-F34A14B8B4D5} = {5158613D-ADEB-4D76-8B5B-947361E426F5}
		{834D4440-7007-49BF-8B2E-F35F19FF0D58} = {2E124B08-EECF-44F6-9175-1580FF0BFFA8}
		{8A074000-EA1B-4D08-9B1D-A9369AA27544} = {59F3BFF4-6AF4-40AA-B22D-532A51B3DB5D}
		{9524F1F2-8260-4203-AF0A-5457053F6BEE} = {2E124B08-EECF-44F6-9175-1580FF0BFFA8}
		{58398BDA-7076-410A-B73C-928E79EAE8A9} = {2E124B08-EECF-44F6-9175-1580FF0BFFA8}
		{CDE22A30-64FA-44B6-AB07-CE1E8859FDAA} = {94E5BF16-684A-45DA-AA0E-895972EE792B}
		{F55A19C0-8F8A-4C73-BF4E-623D6BFBAD49} = {717400E1-71FF-450F-B997-1531A5E6DE6A}
		{095E1088-8F2F-4D52-9FA4-E5DE469FC039} = {717400E1-71FF-450F-B997-1531A5E6DE6A}
		{F46A76A0-F66E-48B4-AD4B-AE490B2EE587} = {095E1088-8F2F-4D52-9FA4-E5DE469FC039}
		{1AA24833-7C23-4BB9-BC95-81A97FF43880} = {095E1088-8F2F-4D52-9FA4-E5DE469FC039}
		{3BAEE0F8-CB7C-4FFC-80E3-976DF714399F} = {5B52FB0A-CA5A-4F61-86E7-13F822514F77}
	EndGlobalSection
EndGlobal
