Microsoft Visual Studio Solution File, Format Version 11.00
# Visual Studio 2010
Project("{FAE04EC0-301F-11D3-BF4B-00C04F79EFBC}") = "Gorgon", "Gorgon\Gorgon.csproj", "{933569ED-52A9-4232-A929-1D4C4489B5A1}"
EndProject
Project("{FAE04EC0-301F-11D3-BF4B-00C04F79EFBC}") = "SpriteEditor", "Tools\SpriteEditor\SpriteEditor.csproj", "{2F744206-1061-4382-833C-6C2B91ADBFF1}"
EndProject
Project("{FAE04EC0-301F-11D3-BF4B-00C04F79EFBC}") = "Atlas", "Tools\Atlas\Atlas.csproj", "{FCEF5779-88BD-4971-8D11-BA06D2861CA3}"
EndProject
Project("{FAE04EC0-301F-11D3-BF4B-00C04F79EFBC}") = "Gorgon.FileSystem", "Libraries\Gorgon.FileSystem\Gorgon.FileSystem.csproj", "{1F3DD0EF-3CA7-41FF-A451-74FDAE5307A2}"
EndProject
Project("{FAE04EC0-301F-11D3-BF4B-00C04F79EFBC}") = "Gorgon.FileSystem.Zip", "PlugIns\Gorgon.FileSystem.Zip\Gorgon.FileSystem.Zip.csproj", "{B61F6907-0DDB-4293-AA8C-E8620DAEE795}"
EndProject
Project("{FAE04EC0-301F-11D3-BF4B-00C04F79EFBC}") = "Tester_InputAndFS", "Examples\Tester_InputAndFS\Tester_InputAndFS.csproj", "{59A56133-5795-468A-9867-9DFCE72D8715}"
EndProject
Project("{FAE04EC0-301F-11D3-BF4B-00C04F79EFBC}") = "Tester_Graphics", "Examples\Tester_Graphics\Tester_Graphics.csproj", "{F00E19F5-5941-43C1-BC53-8A2430E7D71F}"
	ProjectSection(ProjectDependencies) = postProject
		{88FBA52F-D83E-42A9-A003-51D1B8D0744B} = {88FBA52F-D83E-42A9-A003-51D1B8D0744B}
	EndProjectSection
EndProject
Project("{FAE04EC0-301F-11D3-BF4B-00C04F79EFBC}") = "Gorgon.Graphics", "Libraries\Gorgon.Graphics\Gorgon.Graphics.csproj", "{EA4B0A1A-586A-47A4-89C1-3E6A4E821C31}"
EndProject
Project("{FAE04EC0-301F-11D3-BF4B-00C04F79EFBC}") = "Gorgon.Graphics.D3D9", "PlugIns\Gorgon.Graphics.D3D9\Gorgon.Graphics.D3D9.csproj", "{88FBA52F-D83E-42A9-A003-51D1B8D0744B}"
EndProject
Project("{FAE04EC0-301F-11D3-BF4B-00C04F79EFBC}") = "Gorgon.Input", "Libraries\Gorgon.Input\Gorgon.Input.csproj", "{780B5B61-77BB-4456-AF77-E6681E7E48BF}"
EndProject
Project("{FAE04EC0-301F-11D3-BF4B-00C04F79EFBC}") = "Gorgon.FileSystem.GorPack", "PlugIns\Gorgon.FileSystem.GorPack\Gorgon.FileSystem.GorPack.csproj", "{EDDBDEE0-8DA3-4A98-9E73-AD08830E6CC2}"
EndProject
Project("{FAE04EC0-301F-11D3-BF4B-00C04F79EFBC}") = "Gorgon.Input.Raw", "PlugIns\Gorgon.Input.RawInput\Gorgon.Input.Raw.csproj", "{604519C3-8CC6-41BE-8949-4BDDEACAD9FC}"
EndProject
Project("{FAE04EC0-301F-11D3-BF4B-00C04F79EFBC}") = "Gorgon.Input.WinForms", "PlugIns\Gorgon.Input.WinForms\Gorgon.Input.WinForms.csproj", "{BE449FB9-9001-4954-B856-B466F90D55E3}"
EndProject
Project("{FAE04EC0-301F-11D3-BF4B-00C04F79EFBC}") = "Gorgon.Input.XInput", "PlugIns\Gorgon.Input.XInput\Gorgon.Input.XInput.csproj", "{7500ADE6-2E65-4923-8DC9-95F230D4C7DB}"
EndProject
Global
	GlobalSection(SolutionConfigurationPlatforms) = preSolution
		Debug|Any CPU = Debug|Any CPU
		Debug|Mixed Platforms = Debug|Mixed Platforms
		Debug|x64 = Debug|x64
		Debug|x86 = Debug|x86
		Release|Any CPU = Release|Any CPU
		Release|Mixed Platforms = Release|Mixed Platforms
		Release|x64 = Release|x64
		Release|x86 = Release|x86
	EndGlobalSection
	GlobalSection(ProjectConfigurationPlatforms) = postSolution
		{933569ED-52A9-4232-A929-1D4C4489B5A1}.Debug|Any CPU.ActiveCfg = Debug|Any CPU
		{933569ED-52A9-4232-A929-1D4C4489B5A1}.Debug|Any CPU.Build.0 = Debug|Any CPU
		{933569ED-52A9-4232-A929-1D4C4489B5A1}.Debug|Mixed Platforms.ActiveCfg = Debug|Any CPU
		{933569ED-52A9-4232-A929-1D4C4489B5A1}.Debug|Mixed Platforms.Build.0 = Debug|Any CPU
		{933569ED-52A9-4232-A929-1D4C4489B5A1}.Debug|x64.ActiveCfg = Debug|Any CPU
		{933569ED-52A9-4232-A929-1D4C4489B5A1}.Debug|x86.ActiveCfg = Debug|Any CPU
		{933569ED-52A9-4232-A929-1D4C4489B5A1}.Release|Any CPU.ActiveCfg = Release|Any CPU
		{933569ED-52A9-4232-A929-1D4C4489B5A1}.Release|Any CPU.Build.0 = Release|Any CPU
		{933569ED-52A9-4232-A929-1D4C4489B5A1}.Release|Mixed Platforms.ActiveCfg = Release|Any CPU
		{933569ED-52A9-4232-A929-1D4C4489B5A1}.Release|Mixed Platforms.Build.0 = Release|Any CPU
		{933569ED-52A9-4232-A929-1D4C4489B5A1}.Release|x64.ActiveCfg = Release|Any CPU
		{933569ED-52A9-4232-A929-1D4C4489B5A1}.Release|x86.ActiveCfg = Release|Any CPU
		{2F744206-1061-4382-833C-6C2B91ADBFF1}.Debug|Any CPU.ActiveCfg = Debug|Any CPU
		{2F744206-1061-4382-833C-6C2B91ADBFF1}.Debug|Any CPU.Build.0 = Debug|Any CPU
		{2F744206-1061-4382-833C-6C2B91ADBFF1}.Debug|Mixed Platforms.ActiveCfg = Debug|Any CPU
		{2F744206-1061-4382-833C-6C2B91ADBFF1}.Debug|x64.ActiveCfg = Debug|Any CPU
		{2F744206-1061-4382-833C-6C2B91ADBFF1}.Debug|x86.ActiveCfg = Debug|Any CPU
		{2F744206-1061-4382-833C-6C2B91ADBFF1}.Release|Any CPU.ActiveCfg = Release|Any CPU
		{2F744206-1061-4382-833C-6C2B91ADBFF1}.Release|Any CPU.Build.0 = Release|Any CPU
		{2F744206-1061-4382-833C-6C2B91ADBFF1}.Release|Mixed Platforms.ActiveCfg = Release|Any CPU
		{2F744206-1061-4382-833C-6C2B91ADBFF1}.Release|x64.ActiveCfg = Release|Any CPU
		{2F744206-1061-4382-833C-6C2B91ADBFF1}.Release|x86.ActiveCfg = Release|Any CPU
		{FCEF5779-88BD-4971-8D11-BA06D2861CA3}.Debug|Any CPU.ActiveCfg = Debug|Any CPU
		{FCEF5779-88BD-4971-8D11-BA06D2861CA3}.Debug|Any CPU.Build.0 = Debug|Any CPU
		{FCEF5779-88BD-4971-8D11-BA06D2861CA3}.Debug|Mixed Platforms.ActiveCfg = Debug|Any CPU
		{FCEF5779-88BD-4971-8D11-BA06D2861CA3}.Debug|x64.ActiveCfg = Debug|Any CPU
		{FCEF5779-88BD-4971-8D11-BA06D2861CA3}.Debug|x86.ActiveCfg = Debug|Any CPU
		{FCEF5779-88BD-4971-8D11-BA06D2861CA3}.Release|Any CPU.ActiveCfg = Release|Any CPU
		{FCEF5779-88BD-4971-8D11-BA06D2861CA3}.Release|Any CPU.Build.0 = Release|Any CPU
		{FCEF5779-88BD-4971-8D11-BA06D2861CA3}.Release|Mixed Platforms.ActiveCfg = Release|Any CPU
		{FCEF5779-88BD-4971-8D11-BA06D2861CA3}.Release|x64.ActiveCfg = Release|Any CPU
		{FCEF5779-88BD-4971-8D11-BA06D2861CA3}.Release|x86.ActiveCfg = Release|Any CPU
		{1F3DD0EF-3CA7-41FF-A451-74FDAE5307A2}.Debug|Any CPU.ActiveCfg = Debug|Any CPU
		{1F3DD0EF-3CA7-41FF-A451-74FDAE5307A2}.Debug|Any CPU.Build.0 = Debug|Any CPU
		{1F3DD0EF-3CA7-41FF-A451-74FDAE5307A2}.Debug|Mixed Platforms.ActiveCfg = Debug|Any CPU
		{1F3DD0EF-3CA7-41FF-A451-74FDAE5307A2}.Debug|Mixed Platforms.Build.0 = Debug|Any CPU
		{1F3DD0EF-3CA7-41FF-A451-74FDAE5307A2}.Debug|x64.ActiveCfg = Debug|Any CPU
		{1F3DD0EF-3CA7-41FF-A451-74FDAE5307A2}.Debug|x86.ActiveCfg = Debug|Any CPU
		{1F3DD0EF-3CA7-41FF-A451-74FDAE5307A2}.Release|Any CPU.ActiveCfg = Release|Any CPU
		{1F3DD0EF-3CA7-41FF-A451-74FDAE5307A2}.Release|Any CPU.Build.0 = Release|Any CPU
		{1F3DD0EF-3CA7-41FF-A451-74FDAE5307A2}.Release|Mixed Platforms.ActiveCfg = Release|Any CPU
		{1F3DD0EF-3CA7-41FF-A451-74FDAE5307A2}.Release|Mixed Platforms.Build.0 = Release|Any CPU
		{1F3DD0EF-3CA7-41FF-A451-74FDAE5307A2}.Release|x64.ActiveCfg = Release|Any CPU
		{1F3DD0EF-3CA7-41FF-A451-74FDAE5307A2}.Release|x86.ActiveCfg = Release|Any CPU
		{B61F6907-0DDB-4293-AA8C-E8620DAEE795}.Debug|Any CPU.ActiveCfg = Debug|Any CPU
		{B61F6907-0DDB-4293-AA8C-E8620DAEE795}.Debug|Any CPU.Build.0 = Debug|Any CPU
		{B61F6907-0DDB-4293-AA8C-E8620DAEE795}.Debug|Mixed Platforms.ActiveCfg = Debug|Any CPU
		{B61F6907-0DDB-4293-AA8C-E8620DAEE795}.Debug|Mixed Platforms.Build.0 = Debug|Any CPU
		{B61F6907-0DDB-4293-AA8C-E8620DAEE795}.Debug|x64.ActiveCfg = Debug|Any CPU
		{B61F6907-0DDB-4293-AA8C-E8620DAEE795}.Debug|x86.ActiveCfg = Debug|Any CPU
		{B61F6907-0DDB-4293-AA8C-E8620DAEE795}.Release|Any CPU.ActiveCfg = Release|Any CPU
		{B61F6907-0DDB-4293-AA8C-E8620DAEE795}.Release|Any CPU.Build.0 = Release|Any CPU
		{B61F6907-0DDB-4293-AA8C-E8620DAEE795}.Release|Mixed Platforms.ActiveCfg = Release|Any CPU
		{B61F6907-0DDB-4293-AA8C-E8620DAEE795}.Release|Mixed Platforms.Build.0 = Release|Any CPU
		{B61F6907-0DDB-4293-AA8C-E8620DAEE795}.Release|x64.ActiveCfg = Release|Any CPU
		{B61F6907-0DDB-4293-AA8C-E8620DAEE795}.Release|x86.ActiveCfg = Release|Any CPU
		{59A56133-5795-468A-9867-9DFCE72D8715}.Debug|Any CPU.ActiveCfg = Debug|x86
		{59A56133-5795-468A-9867-9DFCE72D8715}.Debug|Any CPU.Build.0 = Debug|x86
		{59A56133-5795-468A-9867-9DFCE72D8715}.Debug|Mixed Platforms.ActiveCfg = Debug|x86
		{59A56133-5795-468A-9867-9DFCE72D8715}.Debug|Mixed Platforms.Build.0 = Debug|x86
		{59A56133-5795-468A-9867-9DFCE72D8715}.Debug|x64.ActiveCfg = Debug|x86
		{59A56133-5795-468A-9867-9DFCE72D8715}.Debug|x86.ActiveCfg = Debug|x86
		{59A56133-5795-468A-9867-9DFCE72D8715}.Debug|x86.Build.0 = Debug|x86
		{59A56133-5795-468A-9867-9DFCE72D8715}.Release|Any CPU.ActiveCfg = Release|x86
		{59A56133-5795-468A-9867-9DFCE72D8715}.Release|Mixed Platforms.ActiveCfg = Release|x86
		{59A56133-5795-468A-9867-9DFCE72D8715}.Release|Mixed Platforms.Build.0 = Release|x86
		{59A56133-5795-468A-9867-9DFCE72D8715}.Release|x64.ActiveCfg = Release|x86
		{59A56133-5795-468A-9867-9DFCE72D8715}.Release|x86.ActiveCfg = Release|x86
		{59A56133-5795-468A-9867-9DFCE72D8715}.Release|x86.Build.0 = Release|x86
		{F00E19F5-5941-43C1-BC53-8A2430E7D71F}.Debug|Any CPU.ActiveCfg = Debug|x86
		{F00E19F5-5941-43C1-BC53-8A2430E7D71F}.Debug|Any CPU.Build.0 = Debug|x86
		{F00E19F5-5941-43C1-BC53-8A2430E7D71F}.Debug|Mixed Platforms.ActiveCfg = Debug|x86
		{F00E19F5-5941-43C1-BC53-8A2430E7D71F}.Debug|Mixed Platforms.Build.0 = Debug|x86
		{F00E19F5-5941-43C1-BC53-8A2430E7D71F}.Debug|x64.ActiveCfg = Debug|x86
		{F00E19F5-5941-43C1-BC53-8A2430E7D71F}.Debug|x64.Build.0 = Debug|x86
		{F00E19F5-5941-43C1-BC53-8A2430E7D71F}.Debug|x86.ActiveCfg = Debug|x86
		{F00E19F5-5941-43C1-BC53-8A2430E7D71F}.Debug|x86.Build.0 = Debug|x86
		{F00E19F5-5941-43C1-BC53-8A2430E7D71F}.Release|Any CPU.ActiveCfg = Release|x86
		{F00E19F5-5941-43C1-BC53-8A2430E7D71F}.Release|Mixed Platforms.ActiveCfg = Release|x86
		{F00E19F5-5941-43C1-BC53-8A2430E7D71F}.Release|Mixed Platforms.Build.0 = Release|x86
		{F00E19F5-5941-43C1-BC53-8A2430E7D71F}.Release|x64.ActiveCfg = Release|x64
		{F00E19F5-5941-43C1-BC53-8A2430E7D71F}.Release|x64.Build.0 = Release|x64
		{F00E19F5-5941-43C1-BC53-8A2430E7D71F}.Release|x86.ActiveCfg = Release|x86
		{F00E19F5-5941-43C1-BC53-8A2430E7D71F}.Release|x86.Build.0 = Release|x86
		{EA4B0A1A-586A-47A4-89C1-3E6A4E821C31}.Debug|Any CPU.ActiveCfg = Debug|Any CPU
		{EA4B0A1A-586A-47A4-89C1-3E6A4E821C31}.Debug|Any CPU.Build.0 = Debug|Any CPU
		{EA4B0A1A-586A-47A4-89C1-3E6A4E821C31}.Debug|Mixed Platforms.ActiveCfg = Debug|Any CPU
		{EA4B0A1A-586A-47A4-89C1-3E6A4E821C31}.Debug|Mixed Platforms.Build.0 = Debug|Any CPU
		{EA4B0A1A-586A-47A4-89C1-3E6A4E821C31}.Debug|x64.ActiveCfg = Debug|Any CPU
		{EA4B0A1A-586A-47A4-89C1-3E6A4E821C31}.Debug|x86.ActiveCfg = Debug|Any CPU
		{EA4B0A1A-586A-47A4-89C1-3E6A4E821C31}.Release|Any CPU.ActiveCfg = Release|Any CPU
		{EA4B0A1A-586A-47A4-89C1-3E6A4E821C31}.Release|Any CPU.Build.0 = Release|Any CPU
		{EA4B0A1A-586A-47A4-89C1-3E6A4E821C31}.Release|Mixed Platforms.ActiveCfg = Release|Any CPU
		{EA4B0A1A-586A-47A4-89C1-3E6A4E821C31}.Release|Mixed Platforms.Build.0 = Release|Any CPU
		{EA4B0A1A-586A-47A4-89C1-3E6A4E821C31}.Release|x64.ActiveCfg = Release|Any CPU
		{EA4B0A1A-586A-47A4-89C1-3E6A4E821C31}.Release|x86.ActiveCfg = Release|Any CPU
		{88FBA52F-D83E-42A9-A003-51D1B8D0744B}.Debug|Any CPU.ActiveCfg = Debug|Any CPU
		{88FBA52F-D83E-42A9-A003-51D1B8D0744B}.Debug|Any CPU.Build.0 = Debug|Any CPU
		{88FBA52F-D83E-42A9-A003-51D1B8D0744B}.Debug|Mixed Platforms.ActiveCfg = Debug|Any CPU
		{88FBA52F-D83E-42A9-A003-51D1B8D0744B}.Debug|Mixed Platforms.Build.0 = Debug|Any CPU
		{88FBA52F-D83E-42A9-A003-51D1B8D0744B}.Debug|x64.ActiveCfg = Debug|Any CPU
		{88FBA52F-D83E-42A9-A003-51D1B8D0744B}.Debug|x86.ActiveCfg = Debug|Any CPU
		{88FBA52F-D83E-42A9-A003-51D1B8D0744B}.Release|Any CPU.ActiveCfg = Release|Any CPU
		{88FBA52F-D83E-42A9-A003-51D1B8D0744B}.Release|Any CPU.Build.0 = Release|Any CPU
		{88FBA52F-D83E-42A9-A003-51D1B8D0744B}.Release|Mixed Platforms.ActiveCfg = Release|Any CPU
		{88FBA52F-D83E-42A9-A003-51D1B8D0744B}.Release|Mixed Platforms.Build.0 = Release|Any CPU
		{88FBA52F-D83E-42A9-A003-51D1B8D0744B}.Release|x64.ActiveCfg = Release|Any CPU
		{88FBA52F-D83E-42A9-A003-51D1B8D0744B}.Release|x86.ActiveCfg = Release|Any CPU
		{780B5B61-77BB-4456-AF77-E6681E7E48BF}.Debug|Any CPU.ActiveCfg = Debug|Any CPU
		{780B5B61-77BB-4456-AF77-E6681E7E48BF}.Debug|Any CPU.Build.0 = Debug|Any CPU
		{780B5B61-77BB-4456-AF77-E6681E7E48BF}.Debug|Mixed Platforms.ActiveCfg = Debug|Any CPU
		{780B5B61-77BB-4456-AF77-E6681E7E48BF}.Debug|Mixed Platforms.Build.0 = Debug|Any CPU
		{780B5B61-77BB-4456-AF77-E6681E7E48BF}.Debug|x64.ActiveCfg = Debug|Any CPU
		{780B5B61-77BB-4456-AF77-E6681E7E48BF}.Debug|x86.ActiveCfg = Debug|Any CPU
		{780B5B61-77BB-4456-AF77-E6681E7E48BF}.Release|Any CPU.ActiveCfg = Release|Any CPU
		{780B5B61-77BB-4456-AF77-E6681E7E48BF}.Release|Any CPU.Build.0 = Release|Any CPU
		{780B5B61-77BB-4456-AF77-E6681E7E48BF}.Release|Mixed Platforms.ActiveCfg = Release|Any CPU
		{780B5B61-77BB-4456-AF77-E6681E7E48BF}.Release|Mixed Platforms.Build.0 = Release|Any CPU
		{780B5B61-77BB-4456-AF77-E6681E7E48BF}.Release|x64.ActiveCfg = Release|Any CPU
		{780B5B61-77BB-4456-AF77-E6681E7E48BF}.Release|x86.ActiveCfg = Release|Any CPU
		{EDDBDEE0-8DA3-4A98-9E73-AD08830E6CC2}.Debug|Any CPU.ActiveCfg = Debug|Any CPU
		{EDDBDEE0-8DA3-4A98-9E73-AD08830E6CC2}.Debug|Any CPU.Build.0 = Debug|Any CPU
		{EDDBDEE0-8DA3-4A98-9E73-AD08830E6CC2}.Debug|Mixed Platforms.ActiveCfg = Debug|Any CPU
		{EDDBDEE0-8DA3-4A98-9E73-AD08830E6CC2}.Debug|Mixed Platforms.Build.0 = Debug|Any CPU
		{EDDBDEE0-8DA3-4A98-9E73-AD08830E6CC2}.Debug|x64.ActiveCfg = Debug|Any CPU
		{EDDBDEE0-8DA3-4A98-9E73-AD08830E6CC2}.Debug|x86.ActiveCfg = Debug|Any CPU
		{EDDBDEE0-8DA3-4A98-9E73-AD08830E6CC2}.Release|Any CPU.ActiveCfg = Release|Any CPU
		{EDDBDEE0-8DA3-4A98-9E73-AD08830E6CC2}.Release|Any CPU.Build.0 = Release|Any CPU
		{EDDBDEE0-8DA3-4A98-9E73-AD08830E6CC2}.Release|Mixed Platforms.ActiveCfg = Release|Any CPU
		{EDDBDEE0-8DA3-4A98-9E73-AD08830E6CC2}.Release|Mixed Platforms.Build.0 = Release|Any CPU
		{EDDBDEE0-8DA3-4A98-9E73-AD08830E6CC2}.Release|x64.ActiveCfg = Release|Any CPU
		{EDDBDEE0-8DA3-4A98-9E73-AD08830E6CC2}.Release|x86.ActiveCfg = Release|Any CPU
		{604519C3-8CC6-41BE-8949-4BDDEACAD9FC}.Debug|Any CPU.ActiveCfg = Debug|Any CPU
		{604519C3-8CC6-41BE-8949-4BDDEACAD9FC}.Debug|Any CPU.Build.0 = Debug|Any CPU
		{604519C3-8CC6-41BE-8949-4BDDEACAD9FC}.Debug|Mixed Platforms.ActiveCfg = Debug|Any CPU
		{604519C3-8CC6-41BE-8949-4BDDEACAD9FC}.Debug|Mixed Platforms.Build.0 = Debug|Any CPU
		{604519C3-8CC6-41BE-8949-4BDDEACAD9FC}.Debug|x64.ActiveCfg = Debug|Any CPU
		{604519C3-8CC6-41BE-8949-4BDDEACAD9FC}.Debug|x86.ActiveCfg = Debug|Any CPU
		{604519C3-8CC6-41BE-8949-4BDDEACAD9FC}.Release|Any CPU.ActiveCfg = Release|Any CPU
		{604519C3-8CC6-41BE-8949-4BDDEACAD9FC}.Release|Any CPU.Build.0 = Release|Any CPU
		{604519C3-8CC6-41BE-8949-4BDDEACAD9FC}.Release|Mixed Platforms.ActiveCfg = Release|Any CPU
		{604519C3-8CC6-41BE-8949-4BDDEACAD9FC}.Release|Mixed Platforms.Build.0 = Release|Any CPU
		{604519C3-8CC6-41BE-8949-4BDDEACAD9FC}.Release|x64.ActiveCfg = Release|Any CPU
		{604519C3-8CC6-41BE-8949-4BDDEACAD9FC}.Release|x86.ActiveCfg = Release|Any CPU
		{BE449FB9-9001-4954-B856-B466F90D55E3}.Debug|Any CPU.ActiveCfg = Debug|Any CPU
		{BE449FB9-9001-4954-B856-B466F90D55E3}.Debug|Any CPU.Build.0 = Debug|Any CPU
		{BE449FB9-9001-4954-B856-B466F90D55E3}.Debug|Mixed Platforms.ActiveCfg = Debug|Any CPU
		{BE449FB9-9001-4954-B856-B466F90D55E3}.Debug|Mixed Platforms.Build.0 = Debug|Any CPU
		{BE449FB9-9001-4954-B856-B466F90D55E3}.Debug|x64.ActiveCfg = Debug|Any CPU
		{BE449FB9-9001-4954-B856-B466F90D55E3}.Debug|x86.ActiveCfg = Debug|Any CPU
		{BE449FB9-9001-4954-B856-B466F90D55E3}.Release|Any CPU.ActiveCfg = Release|Any CPU
		{BE449FB9-9001-4954-B856-B466F90D55E3}.Release|Any CPU.Build.0 = Release|Any CPU
		{BE449FB9-9001-4954-B856-B466F90D55E3}.Release|Mixed Platforms.ActiveCfg = Release|Any CPU
		{BE449FB9-9001-4954-B856-B466F90D55E3}.Release|Mixed Platforms.Build.0 = Release|Any CPU
		{BE449FB9-9001-4954-B856-B466F90D55E3}.Release|x64.ActiveCfg = Release|Any CPU
		{BE449FB9-9001-4954-B856-B466F90D55E3}.Release|x86.ActiveCfg = Release|Any CPU
		{7500ADE6-2E65-4923-8DC9-95F230D4C7DB}.Debug|Any CPU.ActiveCfg = Debug|Any CPU
		{7500ADE6-2E65-4923-8DC9-95F230D4C7DB}.Debug|Any CPU.Build.0 = Debug|Any CPU
		{7500ADE6-2E65-4923-8DC9-95F230D4C7DB}.Debug|Mixed Platforms.ActiveCfg = Debug|Any CPU
		{7500ADE6-2E65-4923-8DC9-95F230D4C7DB}.Debug|Mixed Platforms.Build.0 = Debug|Any CPU
		{7500ADE6-2E65-4923-8DC9-95F230D4C7DB}.Debug|x64.ActiveCfg = Debug|Any CPU
		{7500ADE6-2E65-4923-8DC9-95F230D4C7DB}.Debug|x86.ActiveCfg = Debug|Any CPU
		{7500ADE6-2E65-4923-8DC9-95F230D4C7DB}.Release|Any CPU.ActiveCfg = Release|Any CPU
		{7500ADE6-2E65-4923-8DC9-95F230D4C7DB}.Release|Any CPU.Build.0 = Release|Any CPU
		{7500ADE6-2E65-4923-8DC9-95F230D4C7DB}.Release|Mixed Platforms.ActiveCfg = Release|Any CPU
		{7500ADE6-2E65-4923-8DC9-95F230D4C7DB}.Release|Mixed Platforms.Build.0 = Release|Any CPU
		{7500ADE6-2E65-4923-8DC9-95F230D4C7DB}.Release|x64.ActiveCfg = Release|Any CPU
		{7500ADE6-2E65-4923-8DC9-95F230D4C7DB}.Release|x86.ActiveCfg = Release|Any CPU
	EndGlobalSection
	GlobalSection(SolutionProperties) = preSolution
		HideSolutionNode = FALSE
	EndGlobalSection
EndGlobal
