Microsoft Visual Studio Solution File, Format Version 9.00
# Visual Studio 2005
Project("{FAE04EC0-301F-11D3-BF4B-00C04F79EFBC}") = "Gorgon", "Gorgon\Gorgon.csproj", "{933569ED-52A9-4232-A929-1D4C4489B5A1}"
EndProject
Project("{FAE04EC0-301F-11D3-BF4B-00C04F79EFBC}") = "LogViewer", "Tools\LogViewer\LogViewer.csproj", "{16C6EBCB-5E25-479C-9F89-FACCF2D598C6}"
EndProject
Project("{FAE04EC0-301F-11D3-BF4B-00C04F79EFBC}") = "FontEditor", "Tools\FontEditor\FontEditor.csproj", "{B7D30929-F657-4C11-AD7F-DE6E1EBC98F1}"
EndProject
Project("{2150E333-8FDC-42A3-9474-1A3956D46DE8}") = "Examples - CSharp", "Examples - CSharp", "{02408046-9965-4FEA-99A6-B16F112B7604}"
EndProject
Project("{FAE04EC0-301F-11D3-BF4B-00C04F79EFBC}") = "Example1_Initializing", "Examples\C#\Example1_Initializing\Example1_Initializing.csproj", "{78D63370-CB64-4B1E-A522-EE06F80CE722}"
EndProject
Project("{2150E333-8FDC-42A3-9474-1A3956D46DE8}") = "Examples - VB.NET", "Examples - VB.NET", "{3E8B83CC-656D-4351-A326-2ECFCEEC5A68}"
EndProject
Project("{2150E333-8FDC-42A3-9474-1A3956D46DE8}") = "Examples - CPP", "Examples - CPP", "{3D2BBE3A-6CD2-4EE7-8BC8-C194DEFBEAE8}"
EndProject
Project("{8BC9CEB8-8B4A-11D0-8D11-00A0C91BC942}") = "Example1_Initializing", "Examples\CPP\Example1_Initializing\Example1_Initializing.vcproj", "{ABFA9652-F684-4399-9386-BE9F8DAA4928}"
EndProject
Project("{F184B08F-C81C-45F6-A57F-5ABD9991F28F}") = "Example1_Initializing", "Examples\VB.NET\Example1_Initializing\Example1_Initializing.vbproj", "{57431C28-AC29-455E-A49B-5A271BC99384}"
EndProject
Project("{FAE04EC0-301F-11D3-BF4B-00C04F79EFBC}") = "GorgonDevIL", "Tools\GorgonDevIL\GorgonDevIL.csproj", "{04BBB53A-8F5E-4403-811A-92F50489D9CF}"
EndProject
Project("{2150E333-8FDC-42A3-9474-1A3956D46DE8}") = "Tools", "Tools", "{3801BB08-4BEC-480E-BBBC-CD7570817AEC}"
EndProject
Project("{2150E333-8FDC-42A3-9474-1A3956D46DE8}") = "PlugIns", "PlugIns", "{3E301642-BB93-4CBC-9100-A3589B17ED83}"
EndProject
Project("{FAE04EC0-301F-11D3-BF4B-00C04F79EFBC}") = "GorgonInput", "PlugIns\Input\GorgonInput\GorgonInput.csproj", "{F123DDED-DF48-4677-A2AB-127495117941}"
EndProject
Project("{FAE04EC0-301F-11D3-BF4B-00C04F79EFBC}") = "GorgonZLibFileSystem", "PlugIns\FileSystem\GorgonZLibFileSystem\GorgonZLibFileSystem.csproj", "{6BE7C750-7B6E-4119-A2DC-F061C2CBF004}"
EndProject
Project("{FAE04EC0-301F-11D3-BF4B-00C04F79EFBC}") = "BallDemo", "Examples\C#\BallDemo\BallDemo.csproj", "{0DF9E8D6-336E-46EA-8873-6215ED363B0E}"
EndProject
Project("{FAE04EC0-301F-11D3-BF4B-00C04F79EFBC}") = "GorgonGUI", "Tools\GorgonGUI\GorgonGUI.csproj", "{92F2754E-139A-407A-B0BD-4D3C101F75C3}"
EndProject
Project("{FAE04EC0-301F-11D3-BF4B-00C04F79EFBC}") = "FileSystemEditor", "Tools\FileSystemEditor\FileSystemEditor.csproj", "{7E160353-1E30-46D1-BB80-96C837DD0C92}"
	ProjectSection(ProjectDependencies) = postProject
		{6BE7C750-7B6E-4119-A2DC-F061C2CBF004} = {6BE7C750-7B6E-4119-A2DC-F061C2CBF004}
		{933569ED-52A9-4232-A929-1D4C4489B5A1} = {933569ED-52A9-4232-A929-1D4C4489B5A1}
	EndProjectSection
EndProject
Global
	GlobalSection(SolutionConfigurationPlatforms) = preSolution
		Debug|Any CPU = Debug|Any CPU
		Debug|Mixed Platforms = Debug|Mixed Platforms
		Debug|Win32 = Debug|Win32
		Release|Any CPU = Release|Any CPU
		Release|Mixed Platforms = Release|Mixed Platforms
		Release|Win32 = Release|Win32
	EndGlobalSection
	GlobalSection(ProjectConfigurationPlatforms) = postSolution
		{933569ED-52A9-4232-A929-1D4C4489B5A1}.Debug|Any CPU.ActiveCfg = Debug|Any CPU
		{933569ED-52A9-4232-A929-1D4C4489B5A1}.Debug|Any CPU.Build.0 = Debug|Any CPU
		{933569ED-52A9-4232-A929-1D4C4489B5A1}.Debug|Mixed Platforms.ActiveCfg = Debug|Any CPU
		{933569ED-52A9-4232-A929-1D4C4489B5A1}.Debug|Mixed Platforms.Build.0 = Debug|Any CPU
		{933569ED-52A9-4232-A929-1D4C4489B5A1}.Debug|Win32.ActiveCfg = Debug|Any CPU
		{933569ED-52A9-4232-A929-1D4C4489B5A1}.Debug|Win32.Build.0 = Debug|Any CPU
		{933569ED-52A9-4232-A929-1D4C4489B5A1}.Release|Any CPU.ActiveCfg = Release|Any CPU
		{933569ED-52A9-4232-A929-1D4C4489B5A1}.Release|Any CPU.Build.0 = Release|Any CPU
		{933569ED-52A9-4232-A929-1D4C4489B5A1}.Release|Mixed Platforms.ActiveCfg = Release|Any CPU
		{933569ED-52A9-4232-A929-1D4C4489B5A1}.Release|Mixed Platforms.Build.0 = Release|Any CPU
		{933569ED-52A9-4232-A929-1D4C4489B5A1}.Release|Win32.ActiveCfg = Release|Any CPU
		{933569ED-52A9-4232-A929-1D4C4489B5A1}.Release|Win32.Build.0 = Release|Any CPU
		{16C6EBCB-5E25-479C-9F89-FACCF2D598C6}.Debug|Any CPU.ActiveCfg = Debug|Any CPU
		{16C6EBCB-5E25-479C-9F89-FACCF2D598C6}.Debug|Mixed Platforms.ActiveCfg = Debug|Any CPU
		{16C6EBCB-5E25-479C-9F89-FACCF2D598C6}.Debug|Mixed Platforms.Build.0 = Debug|Any CPU
		{16C6EBCB-5E25-479C-9F89-FACCF2D598C6}.Debug|Win32.ActiveCfg = Debug|Any CPU
		{16C6EBCB-5E25-479C-9F89-FACCF2D598C6}.Debug|Win32.Build.0 = Debug|Any CPU
		{16C6EBCB-5E25-479C-9F89-FACCF2D598C6}.Release|Any CPU.ActiveCfg = Release|Any CPU
		{16C6EBCB-5E25-479C-9F89-FACCF2D598C6}.Release|Any CPU.Build.0 = Release|Any CPU
		{16C6EBCB-5E25-479C-9F89-FACCF2D598C6}.Release|Mixed Platforms.ActiveCfg = Release|Any CPU
		{16C6EBCB-5E25-479C-9F89-FACCF2D598C6}.Release|Mixed Platforms.Build.0 = Release|Any CPU
		{16C6EBCB-5E25-479C-9F89-FACCF2D598C6}.Release|Win32.ActiveCfg = Release|Any CPU
		{16C6EBCB-5E25-479C-9F89-FACCF2D598C6}.Release|Win32.Build.0 = Release|Any CPU
		{B7D30929-F657-4C11-AD7F-DE6E1EBC98F1}.Debug|Any CPU.ActiveCfg = Debug|Any CPU
		{B7D30929-F657-4C11-AD7F-DE6E1EBC98F1}.Debug|Mixed Platforms.ActiveCfg = Debug|Any CPU
		{B7D30929-F657-4C11-AD7F-DE6E1EBC98F1}.Debug|Mixed Platforms.Build.0 = Debug|Any CPU
		{B7D30929-F657-4C11-AD7F-DE6E1EBC98F1}.Debug|Win32.ActiveCfg = Debug|Any CPU
		{B7D30929-F657-4C11-AD7F-DE6E1EBC98F1}.Release|Any CPU.ActiveCfg = Release|Any CPU
		{B7D30929-F657-4C11-AD7F-DE6E1EBC98F1}.Release|Any CPU.Build.0 = Release|Any CPU
		{B7D30929-F657-4C11-AD7F-DE6E1EBC98F1}.Release|Mixed Platforms.ActiveCfg = Release|Any CPU
		{B7D30929-F657-4C11-AD7F-DE6E1EBC98F1}.Release|Mixed Platforms.Build.0 = Release|Any CPU
		{B7D30929-F657-4C11-AD7F-DE6E1EBC98F1}.Release|Win32.ActiveCfg = Release|Any CPU
		{78D63370-CB64-4B1E-A522-EE06F80CE722}.Debug|Any CPU.ActiveCfg = Debug|Any CPU
		{78D63370-CB64-4B1E-A522-EE06F80CE722}.Debug|Mixed Platforms.ActiveCfg = Debug|Any CPU
		{78D63370-CB64-4B1E-A522-EE06F80CE722}.Debug|Win32.ActiveCfg = Debug|Any CPU
		{78D63370-CB64-4B1E-A522-EE06F80CE722}.Release|Any CPU.ActiveCfg = Release|Any CPU
		{78D63370-CB64-4B1E-A522-EE06F80CE722}.Release|Any CPU.Build.0 = Release|Any CPU
		{78D63370-CB64-4B1E-A522-EE06F80CE722}.Release|Mixed Platforms.ActiveCfg = Release|Any CPU
		{78D63370-CB64-4B1E-A522-EE06F80CE722}.Release|Mixed Platforms.Build.0 = Release|Any CPU
		{78D63370-CB64-4B1E-A522-EE06F80CE722}.Release|Win32.ActiveCfg = Release|Any CPU
		{ABFA9652-F684-4399-9386-BE9F8DAA4928}.Debug|Any CPU.ActiveCfg = Debug|Win32
		{ABFA9652-F684-4399-9386-BE9F8DAA4928}.Debug|Mixed Platforms.ActiveCfg = Debug|Win32
		{ABFA9652-F684-4399-9386-BE9F8DAA4928}.Debug|Win32.ActiveCfg = Debug|Win32
		{ABFA9652-F684-4399-9386-BE9F8DAA4928}.Debug|Win32.Build.0 = Debug|Win32
		{ABFA9652-F684-4399-9386-BE9F8DAA4928}.Release|Any CPU.ActiveCfg = Release|Win32
		{ABFA9652-F684-4399-9386-BE9F8DAA4928}.Release|Mixed Platforms.ActiveCfg = Release|Win32
		{ABFA9652-F684-4399-9386-BE9F8DAA4928}.Release|Mixed Platforms.Build.0 = Release|Win32
		{ABFA9652-F684-4399-9386-BE9F8DAA4928}.Release|Win32.ActiveCfg = Release|Win32
		{ABFA9652-F684-4399-9386-BE9F8DAA4928}.Release|Win32.Build.0 = Release|Win32
		{57431C28-AC29-455E-A49B-5A271BC99384}.Debug|Any CPU.ActiveCfg = Debug|Any CPU
		{57431C28-AC29-455E-A49B-5A271BC99384}.Debug|Mixed Platforms.ActiveCfg = Debug|Any CPU
		{57431C28-AC29-455E-A49B-5A271BC99384}.Debug|Win32.ActiveCfg = Debug|Any CPU
		{57431C28-AC29-455E-A49B-5A271BC99384}.Release|Any CPU.ActiveCfg = Release|Any CPU
		{57431C28-AC29-455E-A49B-5A271BC99384}.Release|Any CPU.Build.0 = Release|Any CPU
		{57431C28-AC29-455E-A49B-5A271BC99384}.Release|Mixed Platforms.ActiveCfg = Release|Any CPU
		{57431C28-AC29-455E-A49B-5A271BC99384}.Release|Mixed Platforms.Build.0 = Release|Any CPU
		{57431C28-AC29-455E-A49B-5A271BC99384}.Release|Win32.ActiveCfg = Release|Any CPU
		{04BBB53A-8F5E-4403-811A-92F50489D9CF}.Debug|Any CPU.ActiveCfg = Debug|Any CPU
		{04BBB53A-8F5E-4403-811A-92F50489D9CF}.Debug|Mixed Platforms.ActiveCfg = Debug|Any CPU
		{04BBB53A-8F5E-4403-811A-92F50489D9CF}.Debug|Mixed Platforms.Build.0 = Debug|Any CPU
		{04BBB53A-8F5E-4403-811A-92F50489D9CF}.Debug|Win32.ActiveCfg = Debug|Any CPU
		{04BBB53A-8F5E-4403-811A-92F50489D9CF}.Release|Any CPU.ActiveCfg = Release|Any CPU
		{04BBB53A-8F5E-4403-811A-92F50489D9CF}.Release|Any CPU.Build.0 = Release|Any CPU
		{04BBB53A-8F5E-4403-811A-92F50489D9CF}.Release|Mixed Platforms.ActiveCfg = Release|Any CPU
		{04BBB53A-8F5E-4403-811A-92F50489D9CF}.Release|Mixed Platforms.Build.0 = Release|Any CPU
		{04BBB53A-8F5E-4403-811A-92F50489D9CF}.Release|Win32.ActiveCfg = Release|Any CPU
		{F123DDED-DF48-4677-A2AB-127495117941}.Debug|Any CPU.ActiveCfg = Debug|Any CPU
		{F123DDED-DF48-4677-A2AB-127495117941}.Debug|Mixed Platforms.ActiveCfg = Debug|Any CPU
		{F123DDED-DF48-4677-A2AB-127495117941}.Debug|Mixed Platforms.Build.0 = Debug|Any CPU
		{F123DDED-DF48-4677-A2AB-127495117941}.Debug|Win32.ActiveCfg = Debug|Any CPU
		{F123DDED-DF48-4677-A2AB-127495117941}.Release|Any CPU.ActiveCfg = Release|Any CPU
		{F123DDED-DF48-4677-A2AB-127495117941}.Release|Any CPU.Build.0 = Release|Any CPU
		{F123DDED-DF48-4677-A2AB-127495117941}.Release|Mixed Platforms.ActiveCfg = Release|Any CPU
		{F123DDED-DF48-4677-A2AB-127495117941}.Release|Mixed Platforms.Build.0 = Release|Any CPU
		{F123DDED-DF48-4677-A2AB-127495117941}.Release|Win32.ActiveCfg = Release|Any CPU
		{6BE7C750-7B6E-4119-A2DC-F061C2CBF004}.Debug|Any CPU.ActiveCfg = Debug|Any CPU
		{6BE7C750-7B6E-4119-A2DC-F061C2CBF004}.Debug|Mixed Platforms.ActiveCfg = Debug|Any CPU
		{6BE7C750-7B6E-4119-A2DC-F061C2CBF004}.Debug|Mixed Platforms.Build.0 = Debug|Any CPU
		{6BE7C750-7B6E-4119-A2DC-F061C2CBF004}.Debug|Win32.ActiveCfg = Debug|Any CPU
		{6BE7C750-7B6E-4119-A2DC-F061C2CBF004}.Release|Any CPU.ActiveCfg = Release|Any CPU
		{6BE7C750-7B6E-4119-A2DC-F061C2CBF004}.Release|Any CPU.Build.0 = Release|Any CPU
		{6BE7C750-7B6E-4119-A2DC-F061C2CBF004}.Release|Mixed Platforms.ActiveCfg = Release|Any CPU
		{6BE7C750-7B6E-4119-A2DC-F061C2CBF004}.Release|Mixed Platforms.Build.0 = Release|Any CPU
		{6BE7C750-7B6E-4119-A2DC-F061C2CBF004}.Release|Win32.ActiveCfg = Release|Any CPU
		{0DF9E8D6-336E-46EA-8873-6215ED363B0E}.Debug|Any CPU.ActiveCfg = Debug|Any CPU
		{0DF9E8D6-336E-46EA-8873-6215ED363B0E}.Debug|Any CPU.Build.0 = Debug|Any CPU
		{0DF9E8D6-336E-46EA-8873-6215ED363B0E}.Debug|Mixed Platforms.ActiveCfg = Debug|Any CPU
		{0DF9E8D6-336E-46EA-8873-6215ED363B0E}.Debug|Mixed Platforms.Build.0 = Debug|Any CPU
		{0DF9E8D6-336E-46EA-8873-6215ED363B0E}.Debug|Win32.ActiveCfg = Debug|Any CPU
		{0DF9E8D6-336E-46EA-8873-6215ED363B0E}.Release|Any CPU.ActiveCfg = Release|Any CPU
		{0DF9E8D6-336E-46EA-8873-6215ED363B0E}.Release|Any CPU.Build.0 = Release|Any CPU
		{0DF9E8D6-336E-46EA-8873-6215ED363B0E}.Release|Mixed Platforms.ActiveCfg = Release|Any CPU
		{0DF9E8D6-336E-46EA-8873-6215ED363B0E}.Release|Mixed Platforms.Build.0 = Release|Any CPU
		{0DF9E8D6-336E-46EA-8873-6215ED363B0E}.Release|Win32.ActiveCfg = Release|Any CPU
		{92F2754E-139A-407A-B0BD-4D3C101F75C3}.Debug|Any CPU.ActiveCfg = Debug|Any CPU
		{92F2754E-139A-407A-B0BD-4D3C101F75C3}.Debug|Any CPU.Build.0 = Debug|Any CPU
		{92F2754E-139A-407A-B0BD-4D3C101F75C3}.Debug|Mixed Platforms.ActiveCfg = Debug|Any CPU
		{92F2754E-139A-407A-B0BD-4D3C101F75C3}.Debug|Win32.ActiveCfg = Debug|Any CPU
		{92F2754E-139A-407A-B0BD-4D3C101F75C3}.Release|Any CPU.ActiveCfg = Release|Any CPU
		{92F2754E-139A-407A-B0BD-4D3C101F75C3}.Release|Any CPU.Build.0 = Release|Any CPU
		{92F2754E-139A-407A-B0BD-4D3C101F75C3}.Release|Mixed Platforms.ActiveCfg = Release|Any CPU
		{92F2754E-139A-407A-B0BD-4D3C101F75C3}.Release|Win32.ActiveCfg = Release|Any CPU
		{7E160353-1E30-46D1-BB80-96C837DD0C92}.Debug|Any CPU.ActiveCfg = Debug|Any CPU
		{7E160353-1E30-46D1-BB80-96C837DD0C92}.Debug|Any CPU.Build.0 = Debug|Any CPU
		{7E160353-1E30-46D1-BB80-96C837DD0C92}.Debug|Mixed Platforms.ActiveCfg = Debug|Any CPU
		{7E160353-1E30-46D1-BB80-96C837DD0C92}.Debug|Mixed Platforms.Build.0 = Debug|Any CPU
		{7E160353-1E30-46D1-BB80-96C837DD0C92}.Debug|Win32.ActiveCfg = Debug|Any CPU
		{7E160353-1E30-46D1-BB80-96C837DD0C92}.Release|Any CPU.ActiveCfg = Release|Any CPU
		{7E160353-1E30-46D1-BB80-96C837DD0C92}.Release|Any CPU.Build.0 = Release|Any CPU
		{7E160353-1E30-46D1-BB80-96C837DD0C92}.Release|Mixed Platforms.ActiveCfg = Release|Any CPU
		{7E160353-1E30-46D1-BB80-96C837DD0C92}.Release|Mixed Platforms.Build.0 = Release|Any CPU
		{7E160353-1E30-46D1-BB80-96C837DD0C92}.Release|Win32.ActiveCfg = Release|Any CPU
	EndGlobalSection
	GlobalSection(SolutionProperties) = preSolution
		HideSolutionNode = FALSE
	EndGlobalSection
	GlobalSection(NestedProjects) = preSolution
		{B7D30929-F657-4C11-AD7F-DE6E1EBC98F1} = {3801BB08-4BEC-480E-BBBC-CD7570817AEC}
		{04BBB53A-8F5E-4403-811A-92F50489D9CF} = {3801BB08-4BEC-480E-BBBC-CD7570817AEC}
		{16C6EBCB-5E25-479C-9F89-FACCF2D598C6} = {3801BB08-4BEC-480E-BBBC-CD7570817AEC}
		{92F2754E-139A-407A-B0BD-4D3C101F75C3} = {3801BB08-4BEC-480E-BBBC-CD7570817AEC}
		{7E160353-1E30-46D1-BB80-96C837DD0C92} = {3801BB08-4BEC-480E-BBBC-CD7570817AEC}
		{78D63370-CB64-4B1E-A522-EE06F80CE722} = {02408046-9965-4FEA-99A6-B16F112B7604}
		{0DF9E8D6-336E-46EA-8873-6215ED363B0E} = {02408046-9965-4FEA-99A6-B16F112B7604}
		{57431C28-AC29-455E-A49B-5A271BC99384} = {3E8B83CC-656D-4351-A326-2ECFCEEC5A68}
		{ABFA9652-F684-4399-9386-BE9F8DAA4928} = {3D2BBE3A-6CD2-4EE7-8BC8-C194DEFBEAE8}
		{F123DDED-DF48-4677-A2AB-127495117941} = {3E301642-BB93-4CBC-9100-A3589B17ED83}
		{6BE7C750-7B6E-4119-A2DC-F061C2CBF004} = {3E301642-BB93-4CBC-9100-A3589B17ED83}
	EndGlobalSection
EndGlobal
