Microsoft Visual Studio Solution File, Format Version 12.00
# Visual Studio 15
VisualStudioVersion = 15.0.26430.16
MinimumVisualStudioVersion = 10.0.40219.1
Project("{FAE04EC0-301F-11D3-BF4B-00C04F79EFBC}") = "Gorgon.Core", "Gorgon\Gorgon.Core\Gorgon.Core.csproj", "{933569ED-52A9-4232-A929-1D4C4489B5A1}"
EndProject
Project("{2150E333-8FDC-42A3-9474-1A3956D46DE8}") = "Examples", "Examples", "{E656298C-C1C6-4274-87B5-A19C6BA689CB}"
	ProjectSection(SolutionItems) = preProject
		Gorgon\PerfNums.txt = Gorgon\PerfNums.txt
		Gorgon\TextureInfo.txt = Gorgon\TextureInfo.txt
		Gorgon\TODO.txt = Gorgon\TODO.txt
	EndProjectSection
EndProject
Project("{FAE04EC0-301F-11D3-BF4B-00C04F79EFBC}") = "Example001", "Examples\Gorgon.Core\Example001\Example001.csproj", "{92184B11-8908-40DE-A81B-827CE74FE8C7}"
EndProject
Project("{FAE04EC0-301F-11D3-BF4B-00C04F79EFBC}") = "Example002", "Examples\Gorgon.Core\Example002\Example002.csproj", "{A2B7ADCC-E21C-45C3-A349-D07DDD048BD3}"
EndProject
Project("{FAE04EC0-301F-11D3-BF4B-00C04F79EFBC}") = "Example003", "Examples\Gorgon.Core\Example003\Example003.csproj", "{CD211613-DE0D-4D09-9D3E-60ACFA893791}"
EndProject
Project("{2150E333-8FDC-42A3-9474-1A3956D46DE8}") = "Gorgon.Core", "Gorgon.Core", "{9A8C2588-028B-42F6-92B4-EA4AF2B8489B}"
EndProject
Project("{FAE04EC0-301F-11D3-BF4B-00C04F79EFBC}") = "Example004", "Examples\Gorgon.Core\Example004\Example004.csproj", "{7E9E7C1E-AE39-4474-833F-A85EC045C74F}"
EndProject
Project("{FAE04EC0-301F-11D3-BF4B-00C04F79EFBC}") = "Example004.BluePlugIn", "Examples\Gorgon.Core\Example004\PlugIns\Example004.BluePlugIn\Example004.BluePlugIn.csproj", "{D6B85D9F-975C-4C28-BEB8-ACF18E453B3A}"
EndProject
Project("{FAE04EC0-301F-11D3-BF4B-00C04F79EFBC}") = "Example004.GreenAndPurplePlugIn", "Examples\Gorgon.Core\Example004\PlugIns\Example004.GreenAndPurplePlugIn\Example004.GreenAndPurplePlugIn.csproj", "{2E14312F-4E7E-45AD-945A-D91DC5E254CD}"
EndProject
Project("{2150E333-8FDC-42A3-9474-1A3956D46DE8}") = "Gorgon.Input", "Gorgon.Input", "{E110A495-36C7-44AB-9748-A8C29EFA276C}"
EndProject
Project("{2150E333-8FDC-42A3-9474-1A3956D46DE8}") = "Gorgon.FileSystem", "Gorgon.FileSystem", "{D4582ECC-614C-484F-9CF9-2D88C4B57EE0}"
EndProject
Project("{2150E333-8FDC-42A3-9474-1A3956D46DE8}") = "Gorgon.Graphics", "Gorgon.Graphics", "{C421D2F1-B2C4-4136-A33E-52A17B0E907C}"
EndProject
Project("{FAE04EC0-301F-11D3-BF4B-00C04F79EFBC}") = "Example005", "Examples\Gorgon.Core\Example005\Example005.csproj", "{07147BD3-7F0F-42AD-8ECA-69E94DE7F49F}"
EndProject
Project("{FAE04EC0-301F-11D3-BF4B-00C04F79EFBC}") = "Gorgon.Windows", "Gorgon\Gorgon.Windows\Gorgon.Windows.csproj", "{A19CB981-2D25-4316-9542-1D2BD7064F2B}"
EndProject
Global
	GlobalSection(SolutionConfigurationPlatforms) = preSolution
		Debug|Any CPU = Debug|Any CPU
		Release|Any CPU = Release|Any CPU
		ReleaseAndDeploy|Any CPU = ReleaseAndDeploy|Any CPU
	EndGlobalSection
	GlobalSection(ProjectConfigurationPlatforms) = postSolution
		{933569ED-52A9-4232-A929-1D4C4489B5A1}.Debug|Any CPU.ActiveCfg = Debug|Any CPU
		{933569ED-52A9-4232-A929-1D4C4489B5A1}.Debug|Any CPU.Build.0 = Debug|Any CPU
		{933569ED-52A9-4232-A929-1D4C4489B5A1}.Release|Any CPU.ActiveCfg = Release|Any CPU
		{933569ED-52A9-4232-A929-1D4C4489B5A1}.Release|Any CPU.Build.0 = Release|Any CPU
		{933569ED-52A9-4232-A929-1D4C4489B5A1}.ReleaseAndDeploy|Any CPU.ActiveCfg = Release|Any CPU
		{933569ED-52A9-4232-A929-1D4C4489B5A1}.ReleaseAndDeploy|Any CPU.Build.0 = Release|Any CPU
		{92184B11-8908-40DE-A81B-827CE74FE8C7}.Debug|Any CPU.ActiveCfg = Debug|Any CPU
		{92184B11-8908-40DE-A81B-827CE74FE8C7}.Debug|Any CPU.Build.0 = Debug|Any CPU
		{92184B11-8908-40DE-A81B-827CE74FE8C7}.Release|Any CPU.ActiveCfg = Release|Any CPU
		{92184B11-8908-40DE-A81B-827CE74FE8C7}.Release|Any CPU.Build.0 = Release|Any CPU
		{92184B11-8908-40DE-A81B-827CE74FE8C7}.ReleaseAndDeploy|Any CPU.ActiveCfg = ReleaseAndDeploy|Any CPU
		{92184B11-8908-40DE-A81B-827CE74FE8C7}.ReleaseAndDeploy|Any CPU.Build.0 = ReleaseAndDeploy|Any CPU
		{A2B7ADCC-E21C-45C3-A349-D07DDD048BD3}.Debug|Any CPU.ActiveCfg = Debug|Any CPU
		{A2B7ADCC-E21C-45C3-A349-D07DDD048BD3}.Debug|Any CPU.Build.0 = Debug|Any CPU
		{A2B7ADCC-E21C-45C3-A349-D07DDD048BD3}.Release|Any CPU.ActiveCfg = Release|Any CPU
		{A2B7ADCC-E21C-45C3-A349-D07DDD048BD3}.Release|Any CPU.Build.0 = Release|Any CPU
		{A2B7ADCC-E21C-45C3-A349-D07DDD048BD3}.ReleaseAndDeploy|Any CPU.ActiveCfg = ReleaseAndDeploy|Any CPU
		{A2B7ADCC-E21C-45C3-A349-D07DDD048BD3}.ReleaseAndDeploy|Any CPU.Build.0 = ReleaseAndDeploy|Any CPU
		{CD211613-DE0D-4D09-9D3E-60ACFA893791}.Debug|Any CPU.ActiveCfg = Debug|Any CPU
		{CD211613-DE0D-4D09-9D3E-60ACFA893791}.Debug|Any CPU.Build.0 = Debug|Any CPU
		{CD211613-DE0D-4D09-9D3E-60ACFA893791}.Release|Any CPU.ActiveCfg = Release|Any CPU
		{CD211613-DE0D-4D09-9D3E-60ACFA893791}.Release|Any CPU.Build.0 = Release|Any CPU
		{CD211613-DE0D-4D09-9D3E-60ACFA893791}.ReleaseAndDeploy|Any CPU.ActiveCfg = ReleaseAndDeploy|Any CPU
		{CD211613-DE0D-4D09-9D3E-60ACFA893791}.ReleaseAndDeploy|Any CPU.Build.0 = ReleaseAndDeploy|Any CPU
		{7E9E7C1E-AE39-4474-833F-A85EC045C74F}.Debug|Any CPU.ActiveCfg = Debug|Any CPU
		{7E9E7C1E-AE39-4474-833F-A85EC045C74F}.Debug|Any CPU.Build.0 = Debug|Any CPU
		{7E9E7C1E-AE39-4474-833F-A85EC045C74F}.Release|Any CPU.ActiveCfg = Release|Any CPU
		{7E9E7C1E-AE39-4474-833F-A85EC045C74F}.Release|Any CPU.Build.0 = Release|Any CPU
		{7E9E7C1E-AE39-4474-833F-A85EC045C74F}.ReleaseAndDeploy|Any CPU.ActiveCfg = ReleaseAndDeploy|Any CPU
		{7E9E7C1E-AE39-4474-833F-A85EC045C74F}.ReleaseAndDeploy|Any CPU.Build.0 = ReleaseAndDeploy|Any CPU
		{D6B85D9F-975C-4C28-BEB8-ACF18E453B3A}.Debug|Any CPU.ActiveCfg = Debug|Any CPU
		{D6B85D9F-975C-4C28-BEB8-ACF18E453B3A}.Debug|Any CPU.Build.0 = Debug|Any CPU
		{D6B85D9F-975C-4C28-BEB8-ACF18E453B3A}.Release|Any CPU.ActiveCfg = Release|Any CPU
		{D6B85D9F-975C-4C28-BEB8-ACF18E453B3A}.Release|Any CPU.Build.0 = Release|Any CPU
		{D6B85D9F-975C-4C28-BEB8-ACF18E453B3A}.ReleaseAndDeploy|Any CPU.ActiveCfg = ReleaseAndDeploy|Any CPU
		{D6B85D9F-975C-4C28-BEB8-ACF18E453B3A}.ReleaseAndDeploy|Any CPU.Build.0 = ReleaseAndDeploy|Any CPU
		{2E14312F-4E7E-45AD-945A-D91DC5E254CD}.Debug|Any CPU.ActiveCfg = Debug|Any CPU
		{2E14312F-4E7E-45AD-945A-D91DC5E254CD}.Debug|Any CPU.Build.0 = Debug|Any CPU
		{2E14312F-4E7E-45AD-945A-D91DC5E254CD}.Release|Any CPU.ActiveCfg = Release|Any CPU
		{2E14312F-4E7E-45AD-945A-D91DC5E254CD}.Release|Any CPU.Build.0 = Release|Any CPU
		{2E14312F-4E7E-45AD-945A-D91DC5E254CD}.ReleaseAndDeploy|Any CPU.ActiveCfg = ReleaseAndDeploy|Any CPU
		{2E14312F-4E7E-45AD-945A-D91DC5E254CD}.ReleaseAndDeploy|Any CPU.Build.0 = ReleaseAndDeploy|Any CPU
		{07147BD3-7F0F-42AD-8ECA-69E94DE7F49F}.Debug|Any CPU.ActiveCfg = Debug|Any CPU
		{07147BD3-7F0F-42AD-8ECA-69E94DE7F49F}.Debug|Any CPU.Build.0 = Debug|Any CPU
		{07147BD3-7F0F-42AD-8ECA-69E94DE7F49F}.Release|Any CPU.ActiveCfg = Release|Any CPU
		{07147BD3-7F0F-42AD-8ECA-69E94DE7F49F}.Release|Any CPU.Build.0 = Release|Any CPU
		{07147BD3-7F0F-42AD-8ECA-69E94DE7F49F}.ReleaseAndDeploy|Any CPU.ActiveCfg = ReleaseAndDeploy|Any CPU
		{07147BD3-7F0F-42AD-8ECA-69E94DE7F49F}.ReleaseAndDeploy|Any CPU.Build.0 = ReleaseAndDeploy|Any CPU
		{A19CB981-2D25-4316-9542-1D2BD7064F2B}.Debug|Any CPU.ActiveCfg = Debug|Any CPU
		{A19CB981-2D25-4316-9542-1D2BD7064F2B}.Debug|Any CPU.Build.0 = Debug|Any CPU
		{A19CB981-2D25-4316-9542-1D2BD7064F2B}.Release|Any CPU.ActiveCfg = Release|Any CPU
		{A19CB981-2D25-4316-9542-1D2BD7064F2B}.Release|Any CPU.Build.0 = Release|Any CPU
		{A19CB981-2D25-4316-9542-1D2BD7064F2B}.ReleaseAndDeploy|Any CPU.ActiveCfg = Release|Any CPU
		{A19CB981-2D25-4316-9542-1D2BD7064F2B}.ReleaseAndDeploy|Any CPU.Build.0 = Release|Any CPU
	EndGlobalSection
	GlobalSection(SolutionProperties) = preSolution
		HideSolutionNode = FALSE
	EndGlobalSection
	GlobalSection(NestedProjects) = preSolution
		{92184B11-8908-40DE-A81B-827CE74FE8C7} = {9A8C2588-028B-42F6-92B4-EA4AF2B8489B}
		{A2B7ADCC-E21C-45C3-A349-D07DDD048BD3} = {9A8C2588-028B-42F6-92B4-EA4AF2B8489B}
		{CD211613-DE0D-4D09-9D3E-60ACFA893791} = {9A8C2588-028B-42F6-92B4-EA4AF2B8489B}
		{9A8C2588-028B-42F6-92B4-EA4AF2B8489B} = {E656298C-C1C6-4274-87B5-A19C6BA689CB}
		{7E9E7C1E-AE39-4474-833F-A85EC045C74F} = {9A8C2588-028B-42F6-92B4-EA4AF2B8489B}
		{D6B85D9F-975C-4C28-BEB8-ACF18E453B3A} = {9A8C2588-028B-42F6-92B4-EA4AF2B8489B}
		{2E14312F-4E7E-45AD-945A-D91DC5E254CD} = {9A8C2588-028B-42F6-92B4-EA4AF2B8489B}
		{E110A495-36C7-44AB-9748-A8C29EFA276C} = {E656298C-C1C6-4274-87B5-A19C6BA689CB}
		{D4582ECC-614C-484F-9CF9-2D88C4B57EE0} = {E656298C-C1C6-4274-87B5-A19C6BA689CB}
		{C421D2F1-B2C4-4136-A33E-52A17B0E907C} = {E656298C-C1C6-4274-87B5-A19C6BA689CB}
		{07147BD3-7F0F-42AD-8ECA-69E94DE7F49F} = {9A8C2588-028B-42F6-92B4-EA4AF2B8489B}
	EndGlobalSection
	GlobalSection(ExtensibilityGlobals) = postSolution
		SolutionGuid = {BA39288E-AC40-4B74-8AE3-AB6E94D02D77}
	EndGlobalSection
EndGlobal
