Microsoft Visual Studio Solution File, Format Version 10.00
# Visual Studio 2008
Project("{FAE04EC0-301F-11D3-BF4B-00C04F79EFBC}") = "Gorgon", "Gorgon\Gorgon.csproj", "{933569ED-52A9-4232-A929-1D4C4489B5A1}"
EndProject
Project("{FAE04EC0-301F-11D3-BF4B-00C04F79EFBC}") = "FileSystemEditor", "Tools\FileSystemEditor\FileSystemEditor.csproj", "{7E160353-1E30-46D1-BB80-96C837DD0C92}"
	ProjectSection(ProjectDependencies) = postProject
		{933569ED-52A9-4232-A929-1D4C4489B5A1} = {933569ED-52A9-4232-A929-1D4C4489B5A1}
	EndProjectSection
EndProject
Project("{FAE04EC0-301F-11D3-BF4B-00C04F79EFBC}") = "SpriteEditor", "Tools\SpriteEditor\SpriteEditor.csproj", "{2F744206-1061-4382-833C-6C2B91ADBFF1}"
	ProjectSection(ProjectDependencies) = postProject
		{F123DDED-DF48-4677-A2AB-127495117941} = {F123DDED-DF48-4677-A2AB-127495117941}
	EndProjectSection
EndProject
Project("{FAE04EC0-301F-11D3-BF4B-00C04F79EFBC}") = "GorgonInput", "PlugIns\GorgonInput\GorgonInput.csproj", "{F123DDED-DF48-4677-A2AB-127495117941}"
EndProject
Project("{FAE04EC0-301F-11D3-BF4B-00C04F79EFBC}") = "GorgonBZip2FileSystem", "PlugIns\GorgonBZip2FileSystem\GorgonBZip2FileSystem.csproj", "{C091B6C1-3FF3-44ED-BC3A-E2511B3B7B17}"
EndProject
Project("{FAE04EC0-301F-11D3-BF4B-00C04F79EFBC}") = "Atlas", "Tools\Atlas\Atlas.csproj", "{FCEF5779-88BD-4971-8D11-BA06D2861CA3}"
EndProject
Project("{FAE04EC0-301F-11D3-BF4B-00C04F79EFBC}") = "Gorgon3DESFileSystem", "PlugIns\Gorgon3DESFileSystem\Gorgon3DESFileSystem.csproj", "{434387DC-0059-4645-B0B9-581F2788E228}"
EndProject
Project("{FAE04EC0-301F-11D3-BF4B-00C04F79EFBC}") = "DialogHelper", "Tools\DialogHelper\DialogHelper.csproj", "{8D49EEDF-2118-4DAD-A8E9-5EBA27F38910}"
EndProject
Project("{FAE04EC0-301F-11D3-BF4B-00C04F79EFBC}") = "GorgonFramework", "Tools\GorgonFramework\GorgonFramework.csproj", "{EE89FBF2-3B81-4371-8096-8DEB0F2B00A3}"
EndProject
Project("{FAE04EC0-301F-11D3-BF4B-00C04F79EFBC}") = "GorgonZipFileSystem", "PlugIns\GorgonZipFileSystem\GorgonZipFileSystem.csproj", "{95B2A3B4-AB25-4DA4-88C0-903B811CD944}"
EndProject
Global
	GlobalSection(SolutionConfigurationPlatforms) = preSolution
		Debug|Any CPU = Debug|Any CPU
		Release|Any CPU = Release|Any CPU
	EndGlobalSection
	GlobalSection(ProjectConfigurationPlatforms) = postSolution
		{933569ED-52A9-4232-A929-1D4C4489B5A1}.Debug|Any CPU.ActiveCfg = Debug|Any CPU
		{933569ED-52A9-4232-A929-1D4C4489B5A1}.Debug|Any CPU.Build.0 = Debug|Any CPU
		{933569ED-52A9-4232-A929-1D4C4489B5A1}.Release|Any CPU.ActiveCfg = Release|Any CPU
		{933569ED-52A9-4232-A929-1D4C4489B5A1}.Release|Any CPU.Build.0 = Release|Any CPU
		{7E160353-1E30-46D1-BB80-96C837DD0C92}.Debug|Any CPU.ActiveCfg = Debug|Any CPU
		{7E160353-1E30-46D1-BB80-96C837DD0C92}.Debug|Any CPU.Build.0 = Debug|Any CPU
		{7E160353-1E30-46D1-BB80-96C837DD0C92}.Release|Any CPU.ActiveCfg = Release|Any CPU
		{7E160353-1E30-46D1-BB80-96C837DD0C92}.Release|Any CPU.Build.0 = Release|Any CPU
		{2F744206-1061-4382-833C-6C2B91ADBFF1}.Debug|Any CPU.ActiveCfg = Debug|Any CPU
		{2F744206-1061-4382-833C-6C2B91ADBFF1}.Debug|Any CPU.Build.0 = Debug|Any CPU
		{2F744206-1061-4382-833C-6C2B91ADBFF1}.Release|Any CPU.ActiveCfg = Release|Any CPU
		{2F744206-1061-4382-833C-6C2B91ADBFF1}.Release|Any CPU.Build.0 = Release|Any CPU
		{F123DDED-DF48-4677-A2AB-127495117941}.Debug|Any CPU.ActiveCfg = Debug|Any CPU
		{F123DDED-DF48-4677-A2AB-127495117941}.Debug|Any CPU.Build.0 = Debug|Any CPU
		{F123DDED-DF48-4677-A2AB-127495117941}.Release|Any CPU.ActiveCfg = Release|Any CPU
		{F123DDED-DF48-4677-A2AB-127495117941}.Release|Any CPU.Build.0 = Release|Any CPU
		{C091B6C1-3FF3-44ED-BC3A-E2511B3B7B17}.Debug|Any CPU.ActiveCfg = Debug|Any CPU
		{C091B6C1-3FF3-44ED-BC3A-E2511B3B7B17}.Debug|Any CPU.Build.0 = Debug|Any CPU
		{C091B6C1-3FF3-44ED-BC3A-E2511B3B7B17}.Release|Any CPU.ActiveCfg = Release|Any CPU
		{C091B6C1-3FF3-44ED-BC3A-E2511B3B7B17}.Release|Any CPU.Build.0 = Release|Any CPU
		{FCEF5779-88BD-4971-8D11-BA06D2861CA3}.Debug|Any CPU.ActiveCfg = Debug|Any CPU
		{FCEF5779-88BD-4971-8D11-BA06D2861CA3}.Debug|Any CPU.Build.0 = Debug|Any CPU
		{FCEF5779-88BD-4971-8D11-BA06D2861CA3}.Release|Any CPU.ActiveCfg = Release|Any CPU
		{FCEF5779-88BD-4971-8D11-BA06D2861CA3}.Release|Any CPU.Build.0 = Release|Any CPU
		{434387DC-0059-4645-B0B9-581F2788E228}.Debug|Any CPU.ActiveCfg = Debug|Any CPU
		{434387DC-0059-4645-B0B9-581F2788E228}.Debug|Any CPU.Build.0 = Debug|Any CPU
		{434387DC-0059-4645-B0B9-581F2788E228}.Release|Any CPU.ActiveCfg = Release|Any CPU
		{434387DC-0059-4645-B0B9-581F2788E228}.Release|Any CPU.Build.0 = Release|Any CPU
		{8D49EEDF-2118-4DAD-A8E9-5EBA27F38910}.Debug|Any CPU.ActiveCfg = Debug|Any CPU
		{8D49EEDF-2118-4DAD-A8E9-5EBA27F38910}.Debug|Any CPU.Build.0 = Debug|Any CPU
		{8D49EEDF-2118-4DAD-A8E9-5EBA27F38910}.Release|Any CPU.ActiveCfg = Release|Any CPU
		{8D49EEDF-2118-4DAD-A8E9-5EBA27F38910}.Release|Any CPU.Build.0 = Release|Any CPU
		{EE89FBF2-3B81-4371-8096-8DEB0F2B00A3}.Debug|Any CPU.ActiveCfg = Debug|Any CPU
		{EE89FBF2-3B81-4371-8096-8DEB0F2B00A3}.Debug|Any CPU.Build.0 = Debug|Any CPU
		{EE89FBF2-3B81-4371-8096-8DEB0F2B00A3}.Release|Any CPU.ActiveCfg = Release|Any CPU
		{EE89FBF2-3B81-4371-8096-8DEB0F2B00A3}.Release|Any CPU.Build.0 = Release|Any CPU
		{95B2A3B4-AB25-4DA4-88C0-903B811CD944}.Debug|Any CPU.ActiveCfg = Debug|Any CPU
		{95B2A3B4-AB25-4DA4-88C0-903B811CD944}.Debug|Any CPU.Build.0 = Debug|Any CPU
		{95B2A3B4-AB25-4DA4-88C0-903B811CD944}.Release|Any CPU.ActiveCfg = Release|Any CPU
		{95B2A3B4-AB25-4DA4-88C0-903B811CD944}.Release|Any CPU.Build.0 = Release|Any CPU
	EndGlobalSection
	GlobalSection(SolutionProperties) = preSolution
		HideSolutionNode = FALSE
	EndGlobalSection
EndGlobal
