Microsoft Visual Studio Solution File, Format Version 12.00
# Visual Studio 2012
Project("{FAE04EC0-301F-11D3-BF4B-00C04F79EFBC}") = "Gorgon.Common", "Gorgon.Common\Gorgon.Common.csproj", "{933569ED-52A9-4232-A929-1D4C4489B5A1}"
EndProject
Project("{FAE04EC0-301F-11D3-BF4B-00C04F79EFBC}") = "Gorgon.FileSystem", "Gorgon.FileSystem\Gorgon.FileSystem.csproj", "{1F3DD0EF-3CA7-41FF-A451-74FDAE5307A2}"
EndProject
Project("{FAE04EC0-301F-11D3-BF4B-00C04F79EFBC}") = "Gorgon.FileSystem.Zip", "..\PlugIns\Gorgon.FileSystem.Zip\Gorgon.FileSystem.Zip.csproj", "{B61F6907-0DDB-4293-AA8C-E8620DAEE795}"
EndProject
Project("{FAE04EC0-301F-11D3-BF4B-00C04F79EFBC}") = "Tester_Graphics", "..\Examples\Tester_Graphics\Tester_Graphics.csproj", "{F00E19F5-5941-43C1-BC53-8A2430E7D71F}"
EndProject
Project("{FAE04EC0-301F-11D3-BF4B-00C04F79EFBC}") = "Gorgon.Graphics", "Gorgon.Graphics\Gorgon.Graphics.csproj", "{EA4B0A1A-586A-47A4-89C1-3E6A4E821C31}"
EndProject
Project("{FAE04EC0-301F-11D3-BF4B-00C04F79EFBC}") = "Gorgon.Input", "Gorgon.Input\Gorgon.Input.csproj", "{780B5B61-77BB-4456-AF77-E6681E7E48BF}"
EndProject
Project("{FAE04EC0-301F-11D3-BF4B-00C04F79EFBC}") = "Gorgon.FileSystem.GorPack", "..\PlugIns\Gorgon.FileSystem.GorPack\Gorgon.FileSystem.GorPack.csproj", "{EDDBDEE0-8DA3-4A98-9E73-AD08830E6CC2}"
EndProject
Project("{FAE04EC0-301F-11D3-BF4B-00C04F79EFBC}") = "Gorgon.Input.Raw", "..\PlugIns\Gorgon.Input.RawInput\Gorgon.Input.Raw.csproj", "{604519C3-8CC6-41BE-8949-4BDDEACAD9FC}"
EndProject
Project("{FAE04EC0-301F-11D3-BF4B-00C04F79EFBC}") = "Gorgon.Input.WinForms", "..\PlugIns\Gorgon.Input.WinForms\Gorgon.Input.WinForms.csproj", "{BE449FB9-9001-4954-B856-B466F90D55E3}"
EndProject
Project("{FAE04EC0-301F-11D3-BF4B-00C04F79EFBC}") = "Gorgon.Input.XInput", "..\PlugIns\Gorgon.Input.XInput\Gorgon.Input.XInput.csproj", "{7500ADE6-2E65-4923-8DC9-95F230D4C7DB}"
EndProject
Project("{FAE04EC0-301F-11D3-BF4B-00C04F79EFBC}") = "BallDemo", "..\Examples\Graphics\BallDemo\BallDemo.csproj", "{0DF9E8D6-336E-46EA-8873-6215ED363B0E}"
EndProject
Project("{FAE04EC0-301F-11D3-BF4B-00C04F79EFBC}") = "Gorgon.Renderers.2D", "Gorgon.Renderers\2D\Gorgon.Renderers.2D.csproj", "{CE225F21-FB4D-4CB1-8B5B-48A61B5D0E54}"
EndProject
Project("{2150E333-8FDC-42A3-9474-1A3956D46DE8}") = "Examples", "Examples", "{E656298C-C1C6-4274-87B5-A19C6BA689CB}"
	ProjectSection(SolutionItems) = preProject
		TODO.txt = TODO.txt
	EndProjectSection
EndProject
Project("{FAE04EC0-301F-11D3-BF4B-00C04F79EFBC}") = "GorgonEditor", "..\Tools\GorgonEditor\GorgonEditor.csproj", "{559CD7CE-1C08-46E8-B5FD-87A2829F5115}"
	ProjectSection(ProjectDependencies) = postProject
		{B61F6907-0DDB-4293-AA8C-E8620DAEE795} = {B61F6907-0DDB-4293-AA8C-E8620DAEE795}
		{BE449FB9-9001-4954-B856-B466F90D55E3} = {BE449FB9-9001-4954-B856-B466F90D55E3}
		{604519C3-8CC6-41BE-8949-4BDDEACAD9FC} = {604519C3-8CC6-41BE-8949-4BDDEACAD9FC}
		{EDDBDEE0-8DA3-4A98-9E73-AD08830E6CC2} = {EDDBDEE0-8DA3-4A98-9E73-AD08830E6CC2}
		{7500ADE6-2E65-4923-8DC9-95F230D4C7DB} = {7500ADE6-2E65-4923-8DC9-95F230D4C7DB}
	EndProjectSection
EndProject
Project("{FAE04EC0-301F-11D3-BF4B-00C04F79EFBC}") = "GorPackWriter", "..\Tools\GorgonEditor PlugIns\GorPackWriter\GorPackWriter.csproj", "{BA035656-F13A-45CA-AD56-F5CDEDAADAD9}"
EndProject
Project("{FAE04EC0-301F-11D3-BF4B-00C04F79EFBC}") = "Test_Dual", "..\Examples\Test_Dual\Test_Dual.csproj", "{F9B1B01F-C9B8-4937-8979-F79D0F62553F}"
EndProject
Project("{FAE04EC0-301F-11D3-BF4B-00C04F79EFBC}") = "Test_TextureArray", "..\Examples\Test_TextureArray\Test_TextureArray.csproj", "{0C1E79B4-0531-46FA-995A-D7413BBE9A1B}"
EndProject
Project("{FAE04EC0-301F-11D3-BF4B-00C04F79EFBC}") = "Example001", "..\Examples\Gorgon.Common\Example001\Example001.csproj", "{92184B11-8908-40DE-A81B-827CE74FE8C7}"
EndProject
Project("{FAE04EC0-301F-11D3-BF4B-00C04F79EFBC}") = "Test_Renderables", "..\Examples\Test_Renderables\Test_Renderables.csproj", "{088982F3-9A3C-4A9A-B443-CC51FA33A79B}"
EndProject
Project("{FAE04EC0-301F-11D3-BF4B-00C04F79EFBC}") = "Example002", "..\Examples\Gorgon.Common\Example002\Example002.csproj", "{A2B7ADCC-E21C-45C3-A349-D07DDD048BD3}"
EndProject
Project("{FAE04EC0-301F-11D3-BF4B-00C04F79EFBC}") = "Example003", "..\Examples\Gorgon.Common\Example003\Example003.csproj", "{CD211613-DE0D-4D09-9D3E-60ACFA893791}"
EndProject
Project("{FAE04EC0-301F-11D3-BF4B-00C04F79EFBC}") = "Gorgon.Animation", "Gorgon.Animation\Gorgon.Animation.csproj", "{7EE86743-18E9-4667-9BCB-989D5C926922}"
EndProject
Project("{FAE04EC0-301F-11D3-BF4B-00C04F79EFBC}") = "Tester_Anim", "..\Examples\Tester_Anim\Tester_Anim.csproj", "{558C7262-93C6-4597-BA9C-58A618911E88}"
EndProject
Project("{FAE04EC0-301F-11D3-BF4B-00C04F79EFBC}") = "Gorgon.Data", "Gorgon.Data\Gorgon.Data\Gorgon.Data.csproj", "{2A6FF1C5-DC06-48DE-8831-B7F4E5176D26}"
EndProject
Project("{FAE04EC0-301F-11D3-BF4B-00C04F79EFBC}") = "Gorgon.Data.UnitTests", "Gorgon.Data\Gorgon.Data.UnitTests\Gorgon.Data.UnitTests.csproj", "{86ADDA37-1469-4489-9EF8-8C57A1C09069}"
EndProject
Project("{FAE04EC0-301F-11D3-BF4B-00C04F79EFBC}") = "Boinger", "..\Examples\Gorgon.Graphics\Boinger\Boinger.csproj", "{256CC806-B7DC-4125-A350-F78F520D9742}"
EndProject
Project("{2150E333-8FDC-42A3-9474-1A3956D46DE8}") = "Gorgon.Common", "Gorgon.Common", "{9A8C2588-028B-42F6-92B4-EA4AF2B8489B}"
EndProject
Project("{2150E333-8FDC-42A3-9474-1A3956D46DE8}") = "Gorgon.Graphics", "Gorgon.Graphics", "{2E124B08-EECF-44F6-9175-1580FF0BFFA8}"
EndProject
Project("{FAE04EC0-301F-11D3-BF4B-00C04F79EFBC}") = "Example004", "..\Examples\Gorgon.Common\Example004\Example004.csproj", "{7E9E7C1E-AE39-4474-833F-A85EC045C74F}"
EndProject
Project("{FAE04EC0-301F-11D3-BF4B-00C04F79EFBC}") = "Example004.BluePlugIn", "..\Examples\Gorgon.Common\Example004\PlugIns\Example004.BluePlugIn\Example004.BluePlugIn.csproj", "{D6B85D9F-975C-4C28-BEB8-ACF18E453B3A}"
EndProject
Project("{FAE04EC0-301F-11D3-BF4B-00C04F79EFBC}") = "Example004.GreenAndPurplePlugIn", "..\Examples\Gorgon.Common\Example004\PlugIns\Example004.GreenAndPurplePlugIn\Example004.GreenAndPurplePlugIn.csproj", "{2E14312F-4E7E-45AD-945A-D91DC5E254CD}"
EndProject
Project("{2150E333-8FDC-42A3-9474-1A3956D46DE8}") = "Input", "Input", "{E110A495-36C7-44AB-9748-A8C29EFA276C}"
EndProject
Project("{FAE04EC0-301F-11D3-BF4B-00C04F79EFBC}") = "InputFactory", "..\Examples\Gorgon.Input\InputFactory\InputFactory.csproj", "{26B09EBD-0140-4274-92EF-6E674FBDBB22}"
EndProject
Project("{FAE04EC0-301F-11D3-BF4B-00C04F79EFBC}") = "InputDevices", "..\Examples\Gorgon.Input\InputDevices\InputDevices.csproj", "{12851B09-FCD2-4365-86A8-CBB9B773923E}"
EndProject
Project("{FAE04EC0-301F-11D3-BF4B-00C04F79EFBC}") = "XInput", "..\Examples\Gorgon.Input\XInput\XInput.csproj", "{5993DBFF-AB76-435A-B52F-1A34CEFD5299}"
EndProject
Global
	GlobalSection(SolutionConfigurationPlatforms) = preSolution
		Debug|Any CPU = Debug|Any CPU
		Release|Any CPU = Release|Any CPU
	EndGlobalSection
	GlobalSection(ProjectConfigurationPlatforms) = postSolution
		{933569ED-52A9-4232-A929-1D4C4489B5A1}.Debug|Any CPU.ActiveCfg = Debug|Any CPU
		{933569ED-52A9-4232-A929-1D4C4489B5A1}.Debug|Any CPU.Build.0 = Debug|Any CPU
		{933569ED-52A9-4232-A929-1D4C4489B5A1}.Release|Any CPU.ActiveCfg = Release|Any CPU
		{933569ED-52A9-4232-A929-1D4C4489B5A1}.Release|Any CPU.Build.0 = Release|Any CPU
		{1F3DD0EF-3CA7-41FF-A451-74FDAE5307A2}.Debug|Any CPU.ActiveCfg = Debug|Any CPU
		{1F3DD0EF-3CA7-41FF-A451-74FDAE5307A2}.Debug|Any CPU.Build.0 = Debug|Any CPU
		{1F3DD0EF-3CA7-41FF-A451-74FDAE5307A2}.Release|Any CPU.ActiveCfg = Release|Any CPU
		{1F3DD0EF-3CA7-41FF-A451-74FDAE5307A2}.Release|Any CPU.Build.0 = Release|Any CPU
		{B61F6907-0DDB-4293-AA8C-E8620DAEE795}.Debug|Any CPU.ActiveCfg = Debug|Any CPU
		{B61F6907-0DDB-4293-AA8C-E8620DAEE795}.Debug|Any CPU.Build.0 = Debug|Any CPU
		{B61F6907-0DDB-4293-AA8C-E8620DAEE795}.Release|Any CPU.ActiveCfg = Release|Any CPU
		{B61F6907-0DDB-4293-AA8C-E8620DAEE795}.Release|Any CPU.Build.0 = Release|Any CPU
		{F00E19F5-5941-43C1-BC53-8A2430E7D71F}.Debug|Any CPU.ActiveCfg = Debug|Any CPU
		{F00E19F5-5941-43C1-BC53-8A2430E7D71F}.Debug|Any CPU.Build.0 = Debug|Any CPU
		{F00E19F5-5941-43C1-BC53-8A2430E7D71F}.Release|Any CPU.ActiveCfg = Release|Any CPU
		{F00E19F5-5941-43C1-BC53-8A2430E7D71F}.Release|Any CPU.Build.0 = Release|Any CPU
		{EA4B0A1A-586A-47A4-89C1-3E6A4E821C31}.Debug|Any CPU.ActiveCfg = Debug|Any CPU
		{EA4B0A1A-586A-47A4-89C1-3E6A4E821C31}.Debug|Any CPU.Build.0 = Debug|Any CPU
		{EA4B0A1A-586A-47A4-89C1-3E6A4E821C31}.Release|Any CPU.ActiveCfg = Release|Any CPU
		{EA4B0A1A-586A-47A4-89C1-3E6A4E821C31}.Release|Any CPU.Build.0 = Release|Any CPU
		{780B5B61-77BB-4456-AF77-E6681E7E48BF}.Debug|Any CPU.ActiveCfg = Debug|Any CPU
		{780B5B61-77BB-4456-AF77-E6681E7E48BF}.Debug|Any CPU.Build.0 = Debug|Any CPU
		{780B5B61-77BB-4456-AF77-E6681E7E48BF}.Release|Any CPU.ActiveCfg = Release|Any CPU
		{780B5B61-77BB-4456-AF77-E6681E7E48BF}.Release|Any CPU.Build.0 = Release|Any CPU
		{EDDBDEE0-8DA3-4A98-9E73-AD08830E6CC2}.Debug|Any CPU.ActiveCfg = Debug|Any CPU
		{EDDBDEE0-8DA3-4A98-9E73-AD08830E6CC2}.Debug|Any CPU.Build.0 = Debug|Any CPU
		{EDDBDEE0-8DA3-4A98-9E73-AD08830E6CC2}.Release|Any CPU.ActiveCfg = Release|Any CPU
		{EDDBDEE0-8DA3-4A98-9E73-AD08830E6CC2}.Release|Any CPU.Build.0 = Release|Any CPU
		{604519C3-8CC6-41BE-8949-4BDDEACAD9FC}.Debug|Any CPU.ActiveCfg = Debug|Any CPU
		{604519C3-8CC6-41BE-8949-4BDDEACAD9FC}.Debug|Any CPU.Build.0 = Debug|Any CPU
		{604519C3-8CC6-41BE-8949-4BDDEACAD9FC}.Release|Any CPU.ActiveCfg = Release|Any CPU
		{604519C3-8CC6-41BE-8949-4BDDEACAD9FC}.Release|Any CPU.Build.0 = Release|Any CPU
		{BE449FB9-9001-4954-B856-B466F90D55E3}.Debug|Any CPU.ActiveCfg = Debug|Any CPU
		{BE449FB9-9001-4954-B856-B466F90D55E3}.Debug|Any CPU.Build.0 = Debug|Any CPU
		{BE449FB9-9001-4954-B856-B466F90D55E3}.Release|Any CPU.ActiveCfg = Release|Any CPU
		{BE449FB9-9001-4954-B856-B466F90D55E3}.Release|Any CPU.Build.0 = Release|Any CPU
		{7500ADE6-2E65-4923-8DC9-95F230D4C7DB}.Debug|Any CPU.ActiveCfg = Debug|Any CPU
		{7500ADE6-2E65-4923-8DC9-95F230D4C7DB}.Debug|Any CPU.Build.0 = Debug|Any CPU
		{7500ADE6-2E65-4923-8DC9-95F230D4C7DB}.Release|Any CPU.ActiveCfg = Release|Any CPU
		{7500ADE6-2E65-4923-8DC9-95F230D4C7DB}.Release|Any CPU.Build.0 = Release|Any CPU
		{0DF9E8D6-336E-46EA-8873-6215ED363B0E}.Debug|Any CPU.ActiveCfg = Debug|Any CPU
		{0DF9E8D6-336E-46EA-8873-6215ED363B0E}.Debug|Any CPU.Build.0 = Debug|Any CPU
		{0DF9E8D6-336E-46EA-8873-6215ED363B0E}.Release|Any CPU.ActiveCfg = Release|Any CPU
		{0DF9E8D6-336E-46EA-8873-6215ED363B0E}.Release|Any CPU.Build.0 = Release|Any CPU
		{CE225F21-FB4D-4CB1-8B5B-48A61B5D0E54}.Debug|Any CPU.ActiveCfg = Debug|Any CPU
		{CE225F21-FB4D-4CB1-8B5B-48A61B5D0E54}.Debug|Any CPU.Build.0 = Debug|Any CPU
		{CE225F21-FB4D-4CB1-8B5B-48A61B5D0E54}.Release|Any CPU.ActiveCfg = Release|Any CPU
		{CE225F21-FB4D-4CB1-8B5B-48A61B5D0E54}.Release|Any CPU.Build.0 = Release|Any CPU
		{559CD7CE-1C08-46E8-B5FD-87A2829F5115}.Debug|Any CPU.ActiveCfg = Debug|Any CPU
		{559CD7CE-1C08-46E8-B5FD-87A2829F5115}.Debug|Any CPU.Build.0 = Debug|Any CPU
		{559CD7CE-1C08-46E8-B5FD-87A2829F5115}.Release|Any CPU.ActiveCfg = Release|Any CPU
		{559CD7CE-1C08-46E8-B5FD-87A2829F5115}.Release|Any CPU.Build.0 = Release|Any CPU
		{BA035656-F13A-45CA-AD56-F5CDEDAADAD9}.Debug|Any CPU.ActiveCfg = Debug|Any CPU
		{BA035656-F13A-45CA-AD56-F5CDEDAADAD9}.Debug|Any CPU.Build.0 = Debug|Any CPU
		{BA035656-F13A-45CA-AD56-F5CDEDAADAD9}.Release|Any CPU.ActiveCfg = Release|Any CPU
		{BA035656-F13A-45CA-AD56-F5CDEDAADAD9}.Release|Any CPU.Build.0 = Release|Any CPU
		{F9B1B01F-C9B8-4937-8979-F79D0F62553F}.Debug|Any CPU.ActiveCfg = Debug|Any CPU
		{F9B1B01F-C9B8-4937-8979-F79D0F62553F}.Debug|Any CPU.Build.0 = Debug|Any CPU
		{F9B1B01F-C9B8-4937-8979-F79D0F62553F}.Release|Any CPU.ActiveCfg = Release|Any CPU
		{F9B1B01F-C9B8-4937-8979-F79D0F62553F}.Release|Any CPU.Build.0 = Release|Any CPU
		{0C1E79B4-0531-46FA-995A-D7413BBE9A1B}.Debug|Any CPU.ActiveCfg = Debug|Any CPU
		{0C1E79B4-0531-46FA-995A-D7413BBE9A1B}.Debug|Any CPU.Build.0 = Debug|Any CPU
		{0C1E79B4-0531-46FA-995A-D7413BBE9A1B}.Release|Any CPU.ActiveCfg = Release|Any CPU
		{0C1E79B4-0531-46FA-995A-D7413BBE9A1B}.Release|Any CPU.Build.0 = Release|Any CPU
		{92184B11-8908-40DE-A81B-827CE74FE8C7}.Debug|Any CPU.ActiveCfg = Debug|Any CPU
		{92184B11-8908-40DE-A81B-827CE74FE8C7}.Debug|Any CPU.Build.0 = Debug|Any CPU
		{92184B11-8908-40DE-A81B-827CE74FE8C7}.Release|Any CPU.ActiveCfg = Release|Any CPU
		{92184B11-8908-40DE-A81B-827CE74FE8C7}.Release|Any CPU.Build.0 = Release|Any CPU
		{088982F3-9A3C-4A9A-B443-CC51FA33A79B}.Debug|Any CPU.ActiveCfg = Debug|Any CPU
		{088982F3-9A3C-4A9A-B443-CC51FA33A79B}.Debug|Any CPU.Build.0 = Debug|Any CPU
		{088982F3-9A3C-4A9A-B443-CC51FA33A79B}.Release|Any CPU.ActiveCfg = Release|Any CPU
		{088982F3-9A3C-4A9A-B443-CC51FA33A79B}.Release|Any CPU.Build.0 = Release|Any CPU
		{A2B7ADCC-E21C-45C3-A349-D07DDD048BD3}.Debug|Any CPU.ActiveCfg = Debug|Any CPU
		{A2B7ADCC-E21C-45C3-A349-D07DDD048BD3}.Debug|Any CPU.Build.0 = Debug|Any CPU
		{A2B7ADCC-E21C-45C3-A349-D07DDD048BD3}.Release|Any CPU.ActiveCfg = Release|Any CPU
		{A2B7ADCC-E21C-45C3-A349-D07DDD048BD3}.Release|Any CPU.Build.0 = Release|Any CPU
		{CD211613-DE0D-4D09-9D3E-60ACFA893791}.Debug|Any CPU.ActiveCfg = Debug|Any CPU
		{CD211613-DE0D-4D09-9D3E-60ACFA893791}.Debug|Any CPU.Build.0 = Debug|Any CPU
		{CD211613-DE0D-4D09-9D3E-60ACFA893791}.Release|Any CPU.ActiveCfg = Release|Any CPU
		{CD211613-DE0D-4D09-9D3E-60ACFA893791}.Release|Any CPU.Build.0 = Release|Any CPU
		{7EE86743-18E9-4667-9BCB-989D5C926922}.Debug|Any CPU.ActiveCfg = Debug|Any CPU
		{7EE86743-18E9-4667-9BCB-989D5C926922}.Debug|Any CPU.Build.0 = Debug|Any CPU
		{7EE86743-18E9-4667-9BCB-989D5C926922}.Release|Any CPU.ActiveCfg = Release|Any CPU
		{7EE86743-18E9-4667-9BCB-989D5C926922}.Release|Any CPU.Build.0 = Release|Any CPU
		{558C7262-93C6-4597-BA9C-58A618911E88}.Debug|Any CPU.ActiveCfg = Debug|Any CPU
		{558C7262-93C6-4597-BA9C-58A618911E88}.Debug|Any CPU.Build.0 = Debug|Any CPU
		{558C7262-93C6-4597-BA9C-58A618911E88}.Release|Any CPU.ActiveCfg = Release|Any CPU
		{558C7262-93C6-4597-BA9C-58A618911E88}.Release|Any CPU.Build.0 = Release|Any CPU
		{2A6FF1C5-DC06-48DE-8831-B7F4E5176D26}.Debug|Any CPU.ActiveCfg = Debug|Any CPU
		{2A6FF1C5-DC06-48DE-8831-B7F4E5176D26}.Debug|Any CPU.Build.0 = Debug|Any CPU
		{2A6FF1C5-DC06-48DE-8831-B7F4E5176D26}.Release|Any CPU.ActiveCfg = Release|Any CPU
		{2A6FF1C5-DC06-48DE-8831-B7F4E5176D26}.Release|Any CPU.Build.0 = Release|Any CPU
		{86ADDA37-1469-4489-9EF8-8C57A1C09069}.Debug|Any CPU.ActiveCfg = Debug|Any CPU
		{86ADDA37-1469-4489-9EF8-8C57A1C09069}.Debug|Any CPU.Build.0 = Debug|Any CPU
		{86ADDA37-1469-4489-9EF8-8C57A1C09069}.Release|Any CPU.ActiveCfg = Release|Any CPU
		{86ADDA37-1469-4489-9EF8-8C57A1C09069}.Release|Any CPU.Build.0 = Release|Any CPU
		{256CC806-B7DC-4125-A350-F78F520D9742}.Debug|Any CPU.ActiveCfg = Debug|Any CPU
		{256CC806-B7DC-4125-A350-F78F520D9742}.Debug|Any CPU.Build.0 = Debug|Any CPU
		{256CC806-B7DC-4125-A350-F78F520D9742}.Release|Any CPU.ActiveCfg = Release|Any CPU
		{256CC806-B7DC-4125-A350-F78F520D9742}.Release|Any CPU.Build.0 = Release|Any CPU
		{7E9E7C1E-AE39-4474-833F-A85EC045C74F}.Debug|Any CPU.ActiveCfg = Debug|Any CPU
		{7E9E7C1E-AE39-4474-833F-A85EC045C74F}.Debug|Any CPU.Build.0 = Debug|Any CPU
		{7E9E7C1E-AE39-4474-833F-A85EC045C74F}.Release|Any CPU.ActiveCfg = Release|Any CPU
		{7E9E7C1E-AE39-4474-833F-A85EC045C74F}.Release|Any CPU.Build.0 = Release|Any CPU
		{D6B85D9F-975C-4C28-BEB8-ACF18E453B3A}.Debug|Any CPU.ActiveCfg = Debug|Any CPU
		{D6B85D9F-975C-4C28-BEB8-ACF18E453B3A}.Debug|Any CPU.Build.0 = Debug|Any CPU
		{D6B85D9F-975C-4C28-BEB8-ACF18E453B3A}.Release|Any CPU.ActiveCfg = Release|Any CPU
		{D6B85D9F-975C-4C28-BEB8-ACF18E453B3A}.Release|Any CPU.Build.0 = Release|Any CPU
		{2E14312F-4E7E-45AD-945A-D91DC5E254CD}.Debug|Any CPU.ActiveCfg = Debug|Any CPU
		{2E14312F-4E7E-45AD-945A-D91DC5E254CD}.Debug|Any CPU.Build.0 = Debug|Any CPU
		{2E14312F-4E7E-45AD-945A-D91DC5E254CD}.Release|Any CPU.ActiveCfg = Release|Any CPU
		{2E14312F-4E7E-45AD-945A-D91DC5E254CD}.Release|Any CPU.Build.0 = Release|Any CPU
		{26B09EBD-0140-4274-92EF-6E674FBDBB22}.Debug|Any CPU.ActiveCfg = Debug|Any CPU
		{26B09EBD-0140-4274-92EF-6E674FBDBB22}.Debug|Any CPU.Build.0 = Debug|Any CPU
		{26B09EBD-0140-4274-92EF-6E674FBDBB22}.Release|Any CPU.ActiveCfg = Release|Any CPU
		{26B09EBD-0140-4274-92EF-6E674FBDBB22}.Release|Any CPU.Build.0 = Release|Any CPU
		{12851B09-FCD2-4365-86A8-CBB9B773923E}.Debug|Any CPU.ActiveCfg = Debug|Any CPU
		{12851B09-FCD2-4365-86A8-CBB9B773923E}.Debug|Any CPU.Build.0 = Debug|Any CPU
		{12851B09-FCD2-4365-86A8-CBB9B773923E}.Release|Any CPU.ActiveCfg = Release|Any CPU
		{12851B09-FCD2-4365-86A8-CBB9B773923E}.Release|Any CPU.Build.0 = Release|Any CPU
		{5993DBFF-AB76-435A-B52F-1A34CEFD5299}.Debug|Any CPU.ActiveCfg = Debug|Any CPU
		{5993DBFF-AB76-435A-B52F-1A34CEFD5299}.Debug|Any CPU.Build.0 = Debug|Any CPU
		{5993DBFF-AB76-435A-B52F-1A34CEFD5299}.Release|Any CPU.ActiveCfg = Release|Any CPU
		{5993DBFF-AB76-435A-B52F-1A34CEFD5299}.Release|Any CPU.Build.0 = Release|Any CPU
	EndGlobalSection
	GlobalSection(SolutionProperties) = preSolution
		HideSolutionNode = FALSE
	EndGlobalSection
	GlobalSection(NestedProjects) = preSolution
		{0DF9E8D6-336E-46EA-8873-6215ED363B0E} = {E656298C-C1C6-4274-87B5-A19C6BA689CB}
		{9A8C2588-028B-42F6-92B4-EA4AF2B8489B} = {E656298C-C1C6-4274-87B5-A19C6BA689CB}
		{2E124B08-EECF-44F6-9175-1580FF0BFFA8} = {E656298C-C1C6-4274-87B5-A19C6BA689CB}
		{E110A495-36C7-44AB-9748-A8C29EFA276C} = {E656298C-C1C6-4274-87B5-A19C6BA689CB}
		{A2B7ADCC-E21C-45C3-A349-D07DDD048BD3} = {9A8C2588-028B-42F6-92B4-EA4AF2B8489B}
		{CD211613-DE0D-4D09-9D3E-60ACFA893791} = {9A8C2588-028B-42F6-92B4-EA4AF2B8489B}
		{92184B11-8908-40DE-A81B-827CE74FE8C7} = {9A8C2588-028B-42F6-92B4-EA4AF2B8489B}
		{7E9E7C1E-AE39-4474-833F-A85EC045C74F} = {9A8C2588-028B-42F6-92B4-EA4AF2B8489B}
		{D6B85D9F-975C-4C28-BEB8-ACF18E453B3A} = {9A8C2588-028B-42F6-92B4-EA4AF2B8489B}
		{2E14312F-4E7E-45AD-945A-D91DC5E254CD} = {9A8C2588-028B-42F6-92B4-EA4AF2B8489B}
		{256CC806-B7DC-4125-A350-F78F520D9742} = {2E124B08-EECF-44F6-9175-1580FF0BFFA8}
		{26B09EBD-0140-4274-92EF-6E674FBDBB22} = {E110A495-36C7-44AB-9748-A8C29EFA276C}
		{12851B09-FCD2-4365-86A8-CBB9B773923E} = {E110A495-36C7-44AB-9748-A8C29EFA276C}
		{5993DBFF-AB76-435A-B52F-1A34CEFD5299} = {E110A495-36C7-44AB-9748-A8C29EFA276C}
	EndGlobalSection
EndGlobal
